// !$*UTF8*$!
{
	archiveVersion = 1;
	classes = {
	};
	objectVersion = 50;
	objects = {

/* Begin PBXBuildFile section */
		466F77D025B14CA3006E88E3 /* Tests_iOS.swift in Sources */ = {isa = PBXBuildFile; fileRef = 466F77CF25B14CA3006E88E3 /* Tests_iOS.swift */; };
		466F77DB25B14CA3006E88E3 /* Tests_macOS.swift in Sources */ = {isa = PBXBuildFile; fileRef = 466F77DA25B14CA3006E88E3 /* Tests_macOS.swift */; };
		466F77DD25B14CA3006E88E3 /* CinemaApp.xcdatamodeld in Sources */ = {isa = PBXBuildFile; fileRef = 466F77B125B14CA1006E88E3 /* CinemaApp.xcdatamodeld */; };
		466F77DE25B14CA3006E88E3 /* CinemaApp.xcdatamodeld in Sources */ = {isa = PBXBuildFile; fileRef = 466F77B125B14CA1006E88E3 /* CinemaApp.xcdatamodeld */; };
		466F77DF25B14CA3006E88E3 /* CinemaAppApp.swift in Sources */ = {isa = PBXBuildFile; fileRef = 466F77B325B14CA1006E88E3 /* CinemaAppApp.swift */; };
		466F77E025B14CA3006E88E3 /* CinemaAppApp.swift in Sources */ = {isa = PBXBuildFile; fileRef = 466F77B325B14CA1006E88E3 /* CinemaAppApp.swift */; };
		466F77E125B14CA3006E88E3 /* ContentView.swift in Sources */ = {isa = PBXBuildFile; fileRef = 466F77B425B14CA1006E88E3 /* ContentView.swift */; };
		466F77E225B14CA3006E88E3 /* ContentView.swift in Sources */ = {isa = PBXBuildFile; fileRef = 466F77B425B14CA1006E88E3 /* ContentView.swift */; };
		466F77E325B14CA3006E88E3 /* Persistence.swift in Sources */ = {isa = PBXBuildFile; fileRef = 466F77B525B14CA1006E88E3 /* Persistence.swift */; };
		466F77E425B14CA3006E88E3 /* Persistence.swift in Sources */ = {isa = PBXBuildFile; fileRef = 466F77B525B14CA1006E88E3 /* Persistence.swift */; };
		466F77E525B14CA3006E88E3 /* Assets.xcassets in Resources */ = {isa = PBXBuildFile; fileRef = 466F77B625B14CA3006E88E3 /* Assets.xcassets */; };
		466F77E625B14CA3006E88E3 /* Assets.xcassets in Resources */ = {isa = PBXBuildFile; fileRef = 466F77B625B14CA3006E88E3 /* Assets.xcassets */; };
		466F77FB25B152C3006E88E3 /* LoginViewModel.swift in Sources */ = {isa = PBXBuildFile; fileRef = 466F77FA25B152C3006E88E3 /* LoginViewModel.swift */; };
		466F781025B15600006E88E3 /* LoginView.swift in Sources */ = {isa = PBXBuildFile; fileRef = 466F780F25B15600006E88E3 /* LoginView.swift */; };
/* End PBXBuildFile section */

/* Begin PBXContainerItemProxy section */
		466F77CC25B14CA3006E88E3 /* PBXContainerItemProxy */ = {
			isa = PBXContainerItemProxy;
			containerPortal = 466F77AC25B14CA1006E88E3 /* Project object */;
			proxyType = 1;
			remoteGlobalIDString = 466F77BA25B14CA3006E88E3;
			remoteInfo = "CinemaApp (iOS)";
		};
		466F77D725B14CA3006E88E3 /* PBXContainerItemProxy */ = {
			isa = PBXContainerItemProxy;
			containerPortal = 466F77AC25B14CA1006E88E3 /* Project object */;
			proxyType = 1;
			remoteGlobalIDString = 466F77C225B14CA3006E88E3;
			remoteInfo = "CinemaApp (macOS)";
		};
/* End PBXContainerItemProxy section */

/* Begin PBXFileReference section */
		466F77B225B14CA1006E88E3 /* Shared.xcdatamodel */ = {isa = PBXFileReference; lastKnownFileType = wrapper.xcdatamodel; path = Shared.xcdatamodel; sourceTree = "<group>"; };
		466F77B325B14CA1006E88E3 /* CinemaAppApp.swift */ = {isa = PBXFileReference; lastKnownFileType = sourcecode.swift; path = CinemaAppApp.swift; sourceTree = "<group>"; };
		466F77B425B14CA1006E88E3 /* ContentView.swift */ = {isa = PBXFileReference; lastKnownFileType = sourcecode.swift; path = ContentView.swift; sourceTree = "<group>"; };
		466F77B525B14CA1006E88E3 /* Persistence.swift */ = {isa = PBXFileReference; lastKnownFileType = sourcecode.swift; path = Persistence.swift; sourceTree = "<group>"; };
		466F77B625B14CA3006E88E3 /* Assets.xcassets */ = {isa = PBXFileReference; lastKnownFileType = folder.assetcatalog; path = Assets.xcassets; sourceTree = "<group>"; };
		466F77BB25B14CA3006E88E3 /* CinemaApp.app */ = {isa = PBXFileReference; explicitFileType = wrapper.application; includeInIndex = 0; path = CinemaApp.app; sourceTree = BUILT_PRODUCTS_DIR; };
		466F77BE25B14CA3006E88E3 /* Info.plist */ = {isa = PBXFileReference; lastKnownFileType = text.plist.xml; path = Info.plist; sourceTree = "<group>"; };
		466F77C325B14CA3006E88E3 /* CinemaApp.app */ = {isa = PBXFileReference; explicitFileType = wrapper.application; includeInIndex = 0; path = CinemaApp.app; sourceTree = BUILT_PRODUCTS_DIR; };
		466F77C525B14CA3006E88E3 /* Info.plist */ = {isa = PBXFileReference; lastKnownFileType = text.plist.xml; path = Info.plist; sourceTree = "<group>"; };
		466F77C625B14CA3006E88E3 /* macOS.entitlements */ = {isa = PBXFileReference; lastKnownFileType = text.plist.entitlements; path = macOS.entitlements; sourceTree = "<group>"; };
		466F77CB25B14CA3006E88E3 /* Tests iOS.xctest */ = {isa = PBXFileReference; explicitFileType = wrapper.cfbundle; includeInIndex = 0; path = "Tests iOS.xctest"; sourceTree = BUILT_PRODUCTS_DIR; };
		466F77CF25B14CA3006E88E3 /* Tests_iOS.swift */ = {isa = PBXFileReference; lastKnownFileType = sourcecode.swift; path = Tests_iOS.swift; sourceTree = "<group>"; };
		466F77D125B14CA3006E88E3 /* Info.plist */ = {isa = PBXFileReference; lastKnownFileType = text.plist.xml; path = Info.plist; sourceTree = "<group>"; };
		466F77D625B14CA3006E88E3 /* Tests macOS.xctest */ = {isa = PBXFileReference; explicitFileType = wrapper.cfbundle; includeInIndex = 0; path = "Tests macOS.xctest"; sourceTree = BUILT_PRODUCTS_DIR; };
		466F77DA25B14CA3006E88E3 /* Tests_macOS.swift */ = {isa = PBXFileReference; lastKnownFileType = sourcecode.swift; path = Tests_macOS.swift; sourceTree = "<group>"; };
		466F77DC25B14CA3006E88E3 /* Info.plist */ = {isa = PBXFileReference; lastKnownFileType = text.plist.xml; path = Info.plist; sourceTree = "<group>"; };
		466F77FA25B152C3006E88E3 /* LoginViewModel.swift */ = {isa = PBXFileReference; lastKnownFileType = sourcecode.swift; path = LoginViewModel.swift; sourceTree = "<group>"; };
		466F780F25B15600006E88E3 /* LoginView.swift */ = {isa = PBXFileReference; lastKnownFileType = sourcecode.swift; path = LoginView.swift; sourceTree = "<group>"; };
/* End PBXFileReference section */

/* Begin PBXFrameworksBuildPhase section */
		466F77B825B14CA3006E88E3 /* Frameworks */ = {
			isa = PBXFrameworksBuildPhase;
			buildActionMask = 2147483647;
			files = (
			);
			runOnlyForDeploymentPostprocessing = 0;
		};
		466F77C025B14CA3006E88E3 /* Frameworks */ = {
			isa = PBXFrameworksBuildPhase;
			buildActionMask = 2147483647;
			files = (
			);
			runOnlyForDeploymentPostprocessing = 0;
		};
		466F77C825B14CA3006E88E3 /* Frameworks */ = {
			isa = PBXFrameworksBuildPhase;
			buildActionMask = 2147483647;
			files = (
			);
			runOnlyForDeploymentPostprocessing = 0;
		};
		466F77D325B14CA3006E88E3 /* Frameworks */ = {
			isa = PBXFrameworksBuildPhase;
			buildActionMask = 2147483647;
			files = (
			);
			runOnlyForDeploymentPostprocessing = 0;
		};
/* End PBXFrameworksBuildPhase section */

/* Begin PBXGroup section */
		466F77AB25B14CA1006E88E3 = {
			isa = PBXGroup;
			children = (
				466F77B025B14CA1006E88E3 /* Shared */,
				466F77BD25B14CA3006E88E3 /* iOS */,
				466F77C425B14CA3006E88E3 /* macOS */,
				466F77CE25B14CA3006E88E3 /* Tests iOS */,
				466F77D925B14CA3006E88E3 /* Tests macOS */,
				466F77BC25B14CA3006E88E3 /* Products */,
			);
			sourceTree = "<group>";
		};
		466F77B025B14CA1006E88E3 /* Shared */ = {
			isa = PBXGroup;
			children = (
				466F77B325B14CA1006E88E3 /* CinemaAppApp.swift */,
				466F77B425B14CA1006E88E3 /* ContentView.swift */,
				466F780425B155C2006E88E3 /* View */,
				466F77F925B152A8006E88E3 /* ViewModel */,
				466F77B525B14CA1006E88E3 /* Persistence.swift */,
				466F77B625B14CA3006E88E3 /* Assets.xcassets */,
				466F77B125B14CA1006E88E3 /* CinemaApp.xcdatamodeld */,
			);
			path = Shared;
			sourceTree = "<group>";
		};
		466F77BC25B14CA3006E88E3 /* Products */ = {
			isa = PBXGroup;
			children = (
				466F77BB25B14CA3006E88E3 /* CinemaApp.app */,
				466F77C325B14CA3006E88E3 /* CinemaApp.app */,
				466F77CB25B14CA3006E88E3 /* Tests iOS.xctest */,
				466F77D625B14CA3006E88E3 /* Tests macOS.xctest */,
			);
			name = Products;
			sourceTree = "<group>";
		};
		466F77BD25B14CA3006E88E3 /* iOS */ = {
			isa = PBXGroup;
			children = (
				466F77BE25B14CA3006E88E3 /* Info.plist */,
			);
			path = iOS;
			sourceTree = "<group>";
		};
		466F77C425B14CA3006E88E3 /* macOS */ = {
			isa = PBXGroup;
			children = (
				466F77C525B14CA3006E88E3 /* Info.plist */,
				466F77C625B14CA3006E88E3 /* macOS.entitlements */,
			);
			path = macOS;
			sourceTree = "<group>";
		};
		466F77CE25B14CA3006E88E3 /* Tests iOS */ = {
			isa = PBXGroup;
			children = (
				466F77CF25B14CA3006E88E3 /* Tests_iOS.swift */,
				466F77D125B14CA3006E88E3 /* Info.plist */,
			);
			path = "Tests iOS";
			sourceTree = "<group>";
		};
		466F77D925B14CA3006E88E3 /* Tests macOS */ = {
			isa = PBXGroup;
			children = (
				466F77DA25B14CA3006E88E3 /* Tests_macOS.swift */,
				466F77DC25B14CA3006E88E3 /* Info.plist */,
			);
			path = "Tests macOS";
			sourceTree = "<group>";
		};
		466F77F925B152A8006E88E3 /* ViewModel */ = {
			isa = PBXGroup;
			children = (
				466F77FA25B152C3006E88E3 /* LoginViewModel.swift */,
			);
			path = ViewModel;
			sourceTree = "<group>";
		};
		466F780425B155C2006E88E3 /* View */ = {
			isa = PBXGroup;
			children = (
				466F780F25B15600006E88E3 /* LoginView.swift */,
			);
			path = View;
			sourceTree = "<group>";
		};
/* End PBXGroup section */

/* Begin PBXNativeTarget section */
		466F77BA25B14CA3006E88E3 /* CinemaApp (iOS) */ = {
			isa = PBXNativeTarget;
			buildConfigurationList = 466F77E925B14CA3006E88E3 /* Build configuration list for PBXNativeTarget "CinemaApp (iOS)" */;
			buildPhases = (
				466F77B725B14CA3006E88E3 /* Sources */,
				466F77B825B14CA3006E88E3 /* Frameworks */,
				466F77B925B14CA3006E88E3 /* Resources */,
			);
			buildRules = (
			);
			dependencies = (
			);
			name = "CinemaApp (iOS)";
			productName = "CinemaApp (iOS)";
			productReference = 466F77BB25B14CA3006E88E3 /* CinemaApp.app */;
			productType = "com.apple.product-type.application";
		};
		466F77C225B14CA3006E88E3 /* CinemaApp (macOS) */ = {
			isa = PBXNativeTarget;
			buildConfigurationList = 466F77EC25B14CA3006E88E3 /* Build configuration list for PBXNativeTarget "CinemaApp (macOS)" */;
			buildPhases = (
				466F77BF25B14CA3006E88E3 /* Sources */,
				466F77C025B14CA3006E88E3 /* Frameworks */,
				466F77C125B14CA3006E88E3 /* Resources */,
			);
			buildRules = (
			);
			dependencies = (
			);
			name = "CinemaApp (macOS)";
			productName = "CinemaApp (macOS)";
			productReference = 466F77C325B14CA3006E88E3 /* CinemaApp.app */;
			productType = "com.apple.product-type.application";
		};
		466F77CA25B14CA3006E88E3 /* Tests iOS */ = {
			isa = PBXNativeTarget;
			buildConfigurationList = 466F77EF25B14CA3006E88E3 /* Build configuration list for PBXNativeTarget "Tests iOS" */;
			buildPhases = (
				466F77C725B14CA3006E88E3 /* Sources */,
				466F77C825B14CA3006E88E3 /* Frameworks */,
				466F77C925B14CA3006E88E3 /* Resources */,
			);
			buildRules = (
			);
			dependencies = (
				466F77CD25B14CA3006E88E3 /* PBXTargetDependency */,
			);
			name = "Tests iOS";
			productName = "Tests iOS";
			productReference = 466F77CB25B14CA3006E88E3 /* Tests iOS.xctest */;
			productType = "com.apple.product-type.bundle.ui-testing";
		};
		466F77D525B14CA3006E88E3 /* Tests macOS */ = {
			isa = PBXNativeTarget;
			buildConfigurationList = 466F77F225B14CA3006E88E3 /* Build configuration list for PBXNativeTarget "Tests macOS" */;
			buildPhases = (
				466F77D225B14CA3006E88E3 /* Sources */,
				466F77D325B14CA3006E88E3 /* Frameworks */,
				466F77D425B14CA3006E88E3 /* Resources */,
			);
			buildRules = (
			);
			dependencies = (
				466F77D825B14CA3006E88E3 /* PBXTargetDependency */,
			);
			name = "Tests macOS";
			productName = "Tests macOS";
			productReference = 466F77D625B14CA3006E88E3 /* Tests macOS.xctest */;
			productType = "com.apple.product-type.bundle.ui-testing";
		};
/* End PBXNativeTarget section */

/* Begin PBXProject section */
		466F77AC25B14CA1006E88E3 /* Project object */ = {
			isa = PBXProject;
			attributes = {
				LastSwiftUpdateCheck = 1230;
				LastUpgradeCheck = 1230;
				TargetAttributes = {
					466F77BA25B14CA3006E88E3 = {
						CreatedOnToolsVersion = 12.3;
					};
					466F77C225B14CA3006E88E3 = {
						CreatedOnToolsVersion = 12.3;
					};
					466F77CA25B14CA3006E88E3 = {
						CreatedOnToolsVersion = 12.3;
						TestTargetID = 466F77BA25B14CA3006E88E3;
					};
					466F77D525B14CA3006E88E3 = {
						CreatedOnToolsVersion = 12.3;
						TestTargetID = 466F77C225B14CA3006E88E3;
					};
				};
			};
			buildConfigurationList = 466F77AF25B14CA1006E88E3 /* Build configuration list for PBXProject "CinemaApp" */;
			compatibilityVersion = "Xcode 9.3";
			developmentRegion = en;
			hasScannedForEncodings = 0;
			knownRegions = (
				en,
				Base,
			);
			mainGroup = 466F77AB25B14CA1006E88E3;
			productRefGroup = 466F77BC25B14CA3006E88E3 /* Products */;
			projectDirPath = "";
			projectRoot = "";
			targets = (
				466F77BA25B14CA3006E88E3 /* CinemaApp (iOS) */,
				466F77C225B14CA3006E88E3 /* CinemaApp (macOS) */,
				466F77CA25B14CA3006E88E3 /* Tests iOS */,
				466F77D525B14CA3006E88E3 /* Tests macOS */,
			);
		};
/* End PBXProject section */

/* Begin PBXResourcesBuildPhase section */
		466F77B925B14CA3006E88E3 /* Resources */ = {
			isa = PBXResourcesBuildPhase;
			buildActionMask = 2147483647;
			files = (
				466F77E525B14CA3006E88E3 /* Assets.xcassets in Resources */,
			);
			runOnlyForDeploymentPostprocessing = 0;
		};
		466F77C125B14CA3006E88E3 /* Resources */ = {
			isa = PBXResourcesBuildPhase;
			buildActionMask = 2147483647;
			files = (
				466F77E625B14CA3006E88E3 /* Assets.xcassets in Resources */,
			);
			runOnlyForDeploymentPostprocessing = 0;
		};
		466F77C925B14CA3006E88E3 /* Resources */ = {
			isa = PBXResourcesBuildPhase;
			buildActionMask = 2147483647;
			files = (
			);
			runOnlyForDeploymentPostprocessing = 0;
		};
		466F77D425B14CA3006E88E3 /* Resources */ = {
			isa = PBXResourcesBuildPhase;
			buildActionMask = 2147483647;
			files = (
			);
			runOnlyForDeploymentPostprocessing = 0;
		};
/* End PBXResourcesBuildPhase section */

/* Begin PBXSourcesBuildPhase section */
		466F77B725B14CA3006E88E3 /* Sources */ = {
			isa = PBXSourcesBuildPhase;
			buildActionMask = 2147483647;
			files = (
				466F781025B15600006E88E3 /* LoginView.swift in Sources */,
				466F77DF25B14CA3006E88E3 /* CinemaAppApp.swift in Sources */,
				466F77E325B14CA3006E88E3 /* Persistence.swift in Sources */,
				466F77DD25B14CA3006E88E3 /* CinemaApp.xcdatamodeld in Sources */,
				466F77FB25B152C3006E88E3 /* LoginViewModel.swift in Sources */,
				466F77E125B14CA3006E88E3 /* ContentView.swift in Sources */,
			);
			runOnlyForDeploymentPostprocessing = 0;
		};
		466F77BF25B14CA3006E88E3 /* Sources */ = {
			isa = PBXSourcesBuildPhase;
			buildActionMask = 2147483647;
			files = (
				466F77E025B14CA3006E88E3 /* CinemaAppApp.swift in Sources */,
				466F77E425B14CA3006E88E3 /* Persistence.swift in Sources */,
				466F77DE25B14CA3006E88E3 /* CinemaApp.xcdatamodeld in Sources */,
				466F77E225B14CA3006E88E3 /* ContentView.swift in Sources */,
			);
			runOnlyForDeploymentPostprocessing = 0;
		};
		466F77C725B14CA3006E88E3 /* Sources */ = {
			isa = PBXSourcesBuildPhase;
			buildActionMask = 2147483647;
			files = (
				466F77D025B14CA3006E88E3 /* Tests_iOS.swift in Sources */,
			);
			runOnlyForDeploymentPostprocessing = 0;
		};
		466F77D225B14CA3006E88E3 /* Sources */ = {
			isa = PBXSourcesBuildPhase;
			buildActionMask = 2147483647;
			files = (
				466F77DB25B14CA3006E88E3 /* Tests_macOS.swift in Sources */,
			);
			runOnlyForDeploymentPostprocessing = 0;
		};
/* End PBXSourcesBuildPhase section */

/* Begin PBXTargetDependency section */
		466F77CD25B14CA3006E88E3 /* PBXTargetDependency */ = {
			isa = PBXTargetDependency;
			target = 466F77BA25B14CA3006E88E3 /* CinemaApp (iOS) */;
			targetProxy = 466F77CC25B14CA3006E88E3 /* PBXContainerItemProxy */;
		};
		466F77D825B14CA3006E88E3 /* PBXTargetDependency */ = {
			isa = PBXTargetDependency;
			target = 466F77C225B14CA3006E88E3 /* CinemaApp (macOS) */;
			targetProxy = 466F77D725B14CA3006E88E3 /* PBXContainerItemProxy */;
		};
/* End PBXTargetDependency section */

/* Begin XCBuildConfiguration section */
		466F77E725B14CA3006E88E3 /* Debug */ = {
			isa = XCBuildConfiguration;
			buildSettings = {
				ALWAYS_SEARCH_USER_PATHS = NO;
				CLANG_ANALYZER_NONNULL = YES;
				CLANG_ANALYZER_NUMBER_OBJECT_CONVERSION = YES_AGGRESSIVE;
				CLANG_CXX_LANGUAGE_STANDARD = "gnu++14";
				CLANG_CXX_LIBRARY = "libc++";
				CLANG_ENABLE_MODULES = YES;
				CLANG_ENABLE_OBJC_ARC = YES;
				CLANG_ENABLE_OBJC_WEAK = YES;
				CLANG_WARN_BLOCK_CAPTURE_AUTORELEASING = YES;
				CLANG_WARN_BOOL_CONVERSION = YES;
				CLANG_WARN_COMMA = YES;
				CLANG_WARN_CONSTANT_CONVERSION = YES;
				CLANG_WARN_DEPRECATED_OBJC_IMPLEMENTATIONS = YES;
				CLANG_WARN_DIRECT_OBJC_ISA_USAGE = YES_ERROR;
				CLANG_WARN_DOCUMENTATION_COMMENTS = YES;
				CLANG_WARN_EMPTY_BODY = YES;
				CLANG_WARN_ENUM_CONVERSION = YES;
				CLANG_WARN_INFINITE_RECURSION = YES;
				CLANG_WARN_INT_CONVERSION = YES;
				CLANG_WARN_NON_LITERAL_NULL_CONVERSION = YES;
				CLANG_WARN_OBJC_IMPLICIT_RETAIN_SELF = YES;
				CLANG_WARN_OBJC_LITERAL_CONVERSION = YES;
				CLANG_WARN_OBJC_ROOT_CLASS = YES_ERROR;
				CLANG_WARN_QUOTED_INCLUDE_IN_FRAMEWORK_HEADER = YES;
				CLANG_WARN_RANGE_LOOP_ANALYSIS = YES;
				CLANG_WARN_STRICT_PROTOTYPES = YES;
				CLANG_WARN_SUSPICIOUS_MOVE = YES;
				CLANG_WARN_UNGUARDED_AVAILABILITY = YES_AGGRESSIVE;
				CLANG_WARN_UNREACHABLE_CODE = YES;
				CLANG_WARN__DUPLICATE_METHOD_MATCH = YES;
				COPY_PHASE_STRIP = NO;
				DEBUG_INFORMATION_FORMAT = dwarf;
				ENABLE_STRICT_OBJC_MSGSEND = YES;
				ENABLE_TESTABILITY = YES;
				GCC_C_LANGUAGE_STANDARD = gnu11;
				GCC_DYNAMIC_NO_PIC = NO;
				GCC_NO_COMMON_BLOCKS = YES;
				GCC_OPTIMIZATION_LEVEL = 0;
				GCC_PREPROCESSOR_DEFINITIONS = (
					"DEBUG=1",
					"$(inherited)",
				);
				GCC_WARN_64_TO_32_BIT_CONVERSION = YES;
				GCC_WARN_ABOUT_RETURN_TYPE = YES_ERROR;
				GCC_WARN_UNDECLARED_SELECTOR = YES;
				GCC_WARN_UNINITIALIZED_AUTOS = YES_AGGRESSIVE;
				GCC_WARN_UNUSED_FUNCTION = YES;
				GCC_WARN_UNUSED_VARIABLE = YES;
				MTL_ENABLE_DEBUG_INFO = INCLUDE_SOURCE;
				MTL_FAST_MATH = YES;
				ONLY_ACTIVE_ARCH = YES;
				SWIFT_ACTIVE_COMPILATION_CONDITIONS = DEBUG;
				SWIFT_OPTIMIZATION_LEVEL = "-Onone";
			};
			name = Debug;
		};
		466F77E825B14CA3006E88E3 /* Release */ = {
			isa = XCBuildConfiguration;
			buildSettings = {
				ALWAYS_SEARCH_USER_PATHS = NO;
				CLANG_ANALYZER_NONNULL = YES;
				CLANG_ANALYZER_NUMBER_OBJECT_CONVERSION = YES_AGGRESSIVE;
				CLANG_CXX_LANGUAGE_STANDARD = "gnu++14";
				CLANG_CXX_LIBRARY = "libc++";
				CLANG_ENABLE_MODULES = YES;
				CLANG_ENABLE_OBJC_ARC = YES;
				CLANG_ENABLE_OBJC_WEAK = YES;
				CLANG_WARN_BLOCK_CAPTURE_AUTORELEASING = YES;
				CLANG_WARN_BOOL_CONVERSION = YES;
				CLANG_WARN_COMMA = YES;
				CLANG_WARN_CONSTANT_CONVERSION = YES;
				CLANG_WARN_DEPRECATED_OBJC_IMPLEMENTATIONS = YES;
				CLANG_WARN_DIRECT_OBJC_ISA_USAGE = YES_ERROR;
				CLANG_WARN_DOCUMENTATION_COMMENTS = YES;
				CLANG_WARN_EMPTY_BODY = YES;
				CLANG_WARN_ENUM_CONVERSION = YES;
				CLANG_WARN_INFINITE_RECURSION = YES;
				CLANG_WARN_INT_CONVERSION = YES;
				CLANG_WARN_NON_LITERAL_NULL_CONVERSION = YES;
				CLANG_WARN_OBJC_IMPLICIT_RETAIN_SELF = YES;
				CLANG_WARN_OBJC_LITERAL_CONVERSION = YES;
				CLANG_WARN_OBJC_ROOT_CLASS = YES_ERROR;
				CLANG_WARN_QUOTED_INCLUDE_IN_FRAMEWORK_HEADER = YES;
				CLANG_WARN_RANGE_LOOP_ANALYSIS = YES;
				CLANG_WARN_STRICT_PROTOTYPES = YES;
				CLANG_WARN_SUSPICIOUS_MOVE = YES;
				CLANG_WARN_UNGUARDED_AVAILABILITY = YES_AGGRESSIVE;
				CLANG_WARN_UNREACHABLE_CODE = YES;
				CLANG_WARN__DUPLICATE_METHOD_MATCH = YES;
				COPY_PHASE_STRIP = NO;
				DEBUG_INFORMATION_FORMAT = "dwarf-with-dsym";
				ENABLE_NS_ASSERTIONS = NO;
				ENABLE_STRICT_OBJC_MSGSEND = YES;
				GCC_C_LANGUAGE_STANDARD = gnu11;
				GCC_NO_COMMON_BLOCKS = YES;
				GCC_WARN_64_TO_32_BIT_CONVERSION = YES;
				GCC_WARN_ABOUT_RETURN_TYPE = YES_ERROR;
				GCC_WARN_UNDECLARED_SELECTOR = YES;
				GCC_WARN_UNINITIALIZED_AUTOS = YES_AGGRESSIVE;
				GCC_WARN_UNUSED_FUNCTION = YES;
				GCC_WARN_UNUSED_VARIABLE = YES;
				MTL_ENABLE_DEBUG_INFO = NO;
				MTL_FAST_MATH = YES;
				SWIFT_COMPILATION_MODE = wholemodule;
				SWIFT_OPTIMIZATION_LEVEL = "-O";
			};
			name = Release;
		};
		466F77EA25B14CA3006E88E3 /* Debug */ = {
			isa = XCBuildConfiguration;
			buildSettings = {
				ASSETCATALOG_COMPILER_APPICON_NAME = AppIcon;
				ASSETCATALOG_COMPILER_GLOBAL_ACCENT_COLOR_NAME = AccentColor;
				CODE_SIGN_STYLE = Automatic;
				ENABLE_PREVIEWS = YES;
				INFOPLIST_FILE = iOS/Info.plist;
				IPHONEOS_DEPLOYMENT_TARGET = 14.0;
				LD_RUNPATH_SEARCH_PATHS = (
					"$(inherited)",
					"@executable_path/Frameworks",
				);
				PRODUCT_BUNDLE_IDENTIFIER = sadsad.CinemaApp;
				PRODUCT_NAME = CinemaApp;
				SDKROOT = iphoneos;
				SWIFT_VERSION = 5.0;
				TARGETED_DEVICE_FAMILY = "1,2";
			};
			name = Debug;
		};
		466F77EB25B14CA3006E88E3 /* Release */ = {
			isa = XCBuildConfiguration;
			buildSettings = {
				ASSETCATALOG_COMPILER_APPICON_NAME = AppIcon;
				ASSETCATALOG_COMPILER_GLOBAL_ACCENT_COLOR_NAME = AccentColor;
				CODE_SIGN_STYLE = Automatic;
				ENABLE_PREVIEWS = YES;
				INFOPLIST_FILE = iOS/Info.plist;
				IPHONEOS_DEPLOYMENT_TARGET = 14.0;
				LD_RUNPATH_SEARCH_PATHS = (
					"$(inherited)",
					"@executable_path/Frameworks",
				);
				PRODUCT_BUNDLE_IDENTIFIER = sadsad.CinemaApp;
				PRODUCT_NAME = CinemaApp;
				SDKROOT = iphoneos;
				SWIFT_VERSION = 5.0;
				TARGETED_DEVICE_FAMILY = "1,2";
				VALIDATE_PRODUCT = YES;
			};
			name = Release;
		};
		466F77ED25B14CA3006E88E3 /* Debug */ = {
			isa = XCBuildConfiguration;
			buildSettings = {
				ASSETCATALOG_COMPILER_APPICON_NAME = AppIcon;
				ASSETCATALOG_COMPILER_GLOBAL_ACCENT_COLOR_NAME = AccentColor;
				CODE_SIGN_ENTITLEMENTS = macOS/macOS.entitlements;
				CODE_SIGN_STYLE = Automatic;
				COMBINE_HIDPI_IMAGES = YES;
				ENABLE_PREVIEWS = YES;
				INFOPLIST_FILE = macOS/Info.plist;
				LD_RUNPATH_SEARCH_PATHS = (
					"$(inherited)",
					"@executable_path/../Frameworks",
				);
				MACOSX_DEPLOYMENT_TARGET = 11.0;
				PRODUCT_BUNDLE_IDENTIFIER = sadsad.CinemaApp;
				PRODUCT_NAME = CinemaApp;
				SDKROOT = macosx;
				SWIFT_VERSION = 5.0;
			};
			name = Debug;
		};
		466F77EE25B14CA3006E88E3 /* Release */ = {
			isa = XCBuildConfiguration;
			buildSettings = {
				ASSETCATALOG_COMPILER_APPICON_NAME = AppIcon;
				ASSETCATALOG_COMPILER_GLOBAL_ACCENT_COLOR_NAME = AccentColor;
				CODE_SIGN_ENTITLEMENTS = macOS/macOS.entitlements;
				CODE_SIGN_STYLE = Automatic;
				COMBINE_HIDPI_IMAGES = YES;
				ENABLE_PREVIEWS = YES;
				INFOPLIST_FILE = macOS/Info.plist;
				LD_RUNPATH_SEARCH_PATHS = (
					"$(inherited)",
					"@executable_path/../Frameworks",
				);
				MACOSX_DEPLOYMENT_TARGET = 11.0;
				PRODUCT_BUNDLE_IDENTIFIER = sadsad.CinemaApp;
				PRODUCT_NAME = CinemaApp;
				SDKROOT = macosx;
				SWIFT_VERSION = 5.0;
			};
			name = Release;
		};
		466F77F025B14CA3006E88E3 /* Debug */ = {
			isa = XCBuildConfiguration;
			buildSettings = {
				ALWAYS_EMBED_SWIFT_STANDARD_LIBRARIES = YES;
				CODE_SIGN_STYLE = Automatic;
				INFOPLIST_FILE = "Tests iOS/Info.plist";
				IPHONEOS_DEPLOYMENT_TARGET = 14.3;
				LD_RUNPATH_SEARCH_PATHS = (
					"$(inherited)",
					"@executable_path/Frameworks",
					"@loader_path/Frameworks",
				);
				PRODUCT_BUNDLE_IDENTIFIER = "sadsad.Tests-iOS";
				PRODUCT_NAME = "$(TARGET_NAME)";
				SDKROOT = iphoneos;
				SWIFT_VERSION = 5.0;
				TARGETED_DEVICE_FAMILY = "1,2";
				TEST_TARGET_NAME = "CinemaApp (iOS)";
			};
			name = Debug;
		};
		466F77F125B14CA3006E88E3 /* Release */ = {
			isa = XCBuildConfiguration;
			buildSettings = {
				ALWAYS_EMBED_SWIFT_STANDARD_LIBRARIES = YES;
				CODE_SIGN_STYLE = Automatic;
				INFOPLIST_FILE = "Tests iOS/Info.plist";
				IPHONEOS_DEPLOYMENT_TARGET = 14.3;
				LD_RUNPATH_SEARCH_PATHS = (
					"$(inherited)",
					"@executable_path/Frameworks",
					"@loader_path/Frameworks",
				);
				PRODUCT_BUNDLE_IDENTIFIER = "sadsad.Tests-iOS";
				PRODUCT_NAME = "$(TARGET_NAME)";
				SDKROOT = iphoneos;
				SWIFT_VERSION = 5.0;
				TARGETED_DEVICE_FAMILY = "1,2";
				TEST_TARGET_NAME = "CinemaApp (iOS)";
				VALIDATE_PRODUCT = YES;
			};
			name = Release;
		};
		466F77F325B14CA3006E88E3 /* Debug */ = {
			isa = XCBuildConfiguration;
			buildSettings = {
				ALWAYS_EMBED_SWIFT_STANDARD_LIBRARIES = YES;
				CODE_SIGN_STYLE = Automatic;
				COMBINE_HIDPI_IMAGES = YES;
				INFOPLIST_FILE = "Tests macOS/Info.plist";
				LD_RUNPATH_SEARCH_PATHS = (
					"$(inherited)",
					"@executable_path/../Frameworks",
					"@loader_path/../Frameworks",
				);
				MACOSX_DEPLOYMENT_TARGET = 11.1;
				PRODUCT_BUNDLE_IDENTIFIER = "sadsad.Tests-macOS";
				PRODUCT_NAME = "$(TARGET_NAME)";
				SDKROOT = macosx;
				SWIFT_VERSION = 5.0;
				TEST_TARGET_NAME = "CinemaApp (macOS)";
			};
			name = Debug;
		};
		466F77F425B14CA3006E88E3 /* Release */ = {
			isa = XCBuildConfiguration;
			buildSettings = {
				ALWAYS_EMBED_SWIFT_STANDARD_LIBRARIES = YES;
				CODE_SIGN_STYLE = Automatic;
				COMBINE_HIDPI_IMAGES = YES;
				INFOPLIST_FILE = "Tests macOS/Info.plist";
				LD_RUNPATH_SEARCH_PATHS = (
					"$(inherited)",
					"@executable_path/../Frameworks",
					"@loader_path/../Frameworks",
				);
				MACOSX_DEPLOYMENT_TARGET = 11.1;
				PRODUCT_BUNDLE_IDENTIFIER = "sadsad.Tests-macOS";
				PRODUCT_NAME = "$(TARGET_NAME)";
				SDKROOT = macosx;
				SWIFT_VERSION = 5.0;
				TEST_TARGET_NAME = "CinemaApp (macOS)";
			};
			name = Release;
		};
/* End XCBuildConfiguration section */

/* Begin XCConfigurationList section */
		466F77AF25B14CA1006E88E3 /* Build configuration list for PBXProject "CinemaApp" */ = {
			isa = XCConfigurationList;
			buildConfigurations = (
				466F77E725B14CA3006E88E3 /* Debug */,
				466F77E825B14CA3006E88E3 /* Release */,
			);
			defaultConfigurationIsVisible = 0;
			defaultConfigurationName = Release;
		};
		466F77E925B14CA3006E88E3 /* Build configuration list for PBXNativeTarget "CinemaApp (iOS)" */ = {
			isa = XCConfigurationList;
			buildConfigurations = (
				466F77EA25B14CA3006E88E3 /* Debug */,
				466F77EB25B14CA3006E88E3 /* Release */,
			);
			defaultConfigurationIsVisible = 0;
			defaultConfigurationName = Release;
		};
		466F77EC25B14CA3006E88E3 /* Build configuration list for PBXNativeTarget "CinemaApp (macOS)" */ = {
			isa = XCConfigurationList;
			buildConfigurations = (
				466F77ED25B14CA3006E88E3 /* Debug */,
				466F77EE25B14CA3006E88E3 /* Release */,
			);
			defaultConfigurationIsVisible = 0;
			defaultConfigurationName = Release;
		};
		466F77EF25B14CA3006E88E3 /* Build configuration list for PBXNativeTarget "Tests iOS" */ = {
			isa = XCConfigurationList;
			buildConfigurations = (
				466F77F025B14CA3006E88E3 /* Debug */,
				466F77F125B14CA3006E88E3 /* Release */,
			);
			defaultConfigurationIsVisible = 0;
			defaultConfigurationName = Release;
		};
		466F77F225B14CA3006E88E3 /* Build configuration list for PBXNativeTarget "Tests macOS" */ = {
			isa = XCConfigurationList;
			buildConfigurations = (
				466F77F325B14CA3006E88E3 /* Debug */,
				466F77F425B14CA3006E88E3 /* Release */,
			);
			defaultConfigurationIsVisible = 0;
			defaultConfigurationName = Release;
		};
/* End XCConfigurationList section */

/* Begin XCVersionGroup section */
		466F77B125B14CA1006E88E3 /* CinemaApp.xcdatamodeld */ = {
			isa = XCVersionGroup;
			children = (
				466F77B225B14CA1006E88E3 /* Shared.xcdatamodel */,
			);
			currentVersion = 466F77B225B14CA1006E88E3 /* Shared.xcdatamodel */;
			path = CinemaApp.xcdatamodeld;
			sourceTree = "<group>";
			versionGroupType = wrapper.xcdatamodel;
		};
/* End XCVersionGroup section */
	};
	rootObject = 466F77AC25B14CA1006E88E3 /* Project object */;
}
