// !$*UTF8*$!
{
	archiveVersion = 1;
	classes = {
	};
	objectVersion = 52;
	objects = {

/* Begin PBXBuildFile section */
		464FAF5225B2968400B9DB49 /* MainView.swift in Sources */ = {isa = PBXBuildFile; fileRef = 464FAF5125B2968400B9DB49 /* MainView.swift */; };
		464FAF5325B2968400B9DB49 /* MainView.swift in Sources */ = {isa = PBXBuildFile; fileRef = 464FAF5125B2968400B9DB49 /* MainView.swift */; };
		464FAF5425B2968400B9DB49 /* MainView.swift in Sources */ = {isa = PBXBuildFile; fileRef = 464FAF5125B2968400B9DB49 /* MainView.swift */; };
		464FAF5525B2968400B9DB49 /* MainView.swift in Sources */ = {isa = PBXBuildFile; fileRef = 464FAF5125B2968400B9DB49 /* MainView.swift */; };
		464FAF5B25B296CC00B9DB49 /* MainViewModel.swift in Sources */ = {isa = PBXBuildFile; fileRef = 464FAF5A25B296CC00B9DB49 /* MainViewModel.swift */; };
		464FAF5C25B296CC00B9DB49 /* MainViewModel.swift in Sources */ = {isa = PBXBuildFile; fileRef = 464FAF5A25B296CC00B9DB49 /* MainViewModel.swift */; };
		464FAF5D25B296CC00B9DB49 /* MainViewModel.swift in Sources */ = {isa = PBXBuildFile; fileRef = 464FAF5A25B296CC00B9DB49 /* MainViewModel.swift */; };
		464FAF5E25B296CC00B9DB49 /* MainViewModel.swift in Sources */ = {isa = PBXBuildFile; fileRef = 464FAF5A25B296CC00B9DB49 /* MainViewModel.swift */; };
		464FAF6425B297F500B9DB49 /* AppViewModel.swift in Sources */ = {isa = PBXBuildFile; fileRef = 464FAF6325B297F500B9DB49 /* AppViewModel.swift */; };
		464FAF6525B297F500B9DB49 /* AppViewModel.swift in Sources */ = {isa = PBXBuildFile; fileRef = 464FAF6325B297F500B9DB49 /* AppViewModel.swift */; };
		464FAF6625B297F500B9DB49 /* AppViewModel.swift in Sources */ = {isa = PBXBuildFile; fileRef = 464FAF6325B297F500B9DB49 /* AppViewModel.swift */; };
		464FAF6725B297F500B9DB49 /* AppViewModel.swift in Sources */ = {isa = PBXBuildFile; fileRef = 464FAF6325B297F500B9DB49 /* AppViewModel.swift */; };
		464FAF6E25B2BCC600B9DB49 /* Movie.swift in Sources */ = {isa = PBXBuildFile; fileRef = 464FAF6D25B2BCC600B9DB49 /* Movie.swift */; };
		464FAF6F25B2BCC600B9DB49 /* Movie.swift in Sources */ = {isa = PBXBuildFile; fileRef = 464FAF6D25B2BCC600B9DB49 /* Movie.swift */; };
		464FAF7025B2BCC600B9DB49 /* Movie.swift in Sources */ = {isa = PBXBuildFile; fileRef = 464FAF6D25B2BCC600B9DB49 /* Movie.swift */; };
		464FAF7125B2BCC600B9DB49 /* Movie.swift in Sources */ = {isa = PBXBuildFile; fileRef = 464FAF6D25B2BCC600B9DB49 /* Movie.swift */; };
		464FAF7B25B2C2F800B9DB49 /* Tag.swift in Sources */ = {isa = PBXBuildFile; fileRef = 464FAF7A25B2C2F800B9DB49 /* Tag.swift */; };
		464FAF7C25B2C2F800B9DB49 /* Tag.swift in Sources */ = {isa = PBXBuildFile; fileRef = 464FAF7A25B2C2F800B9DB49 /* Tag.swift */; };
		464FAF7D25B2C2F800B9DB49 /* Tag.swift in Sources */ = {isa = PBXBuildFile; fileRef = 464FAF7A25B2C2F800B9DB49 /* Tag.swift */; };
		464FAF7E25B2C2F800B9DB49 /* Tag.swift in Sources */ = {isa = PBXBuildFile; fileRef = 464FAF7A25B2C2F800B9DB49 /* Tag.swift */; };
		464FAF8F25B2CA6F00B9DB49 /* MovieAbout.swift in Sources */ = {isa = PBXBuildFile; fileRef = 464FAF8E25B2CA6F00B9DB49 /* MovieAbout.swift */; };
		464FAF9025B2CA6F00B9DB49 /* MovieAbout.swift in Sources */ = {isa = PBXBuildFile; fileRef = 464FAF8E25B2CA6F00B9DB49 /* MovieAbout.swift */; };
		464FAF9125B2CA6F00B9DB49 /* MovieAbout.swift in Sources */ = {isa = PBXBuildFile; fileRef = 464FAF8E25B2CA6F00B9DB49 /* MovieAbout.swift */; };
		464FAF9225B2CA6F00B9DB49 /* MovieAbout.swift in Sources */ = {isa = PBXBuildFile; fileRef = 464FAF8E25B2CA6F00B9DB49 /* MovieAbout.swift */; };
		466F77D025B14CA3006E88E3 /* Tests_iOS.swift in Sources */ = {isa = PBXBuildFile; fileRef = 466F77CF25B14CA3006E88E3 /* Tests_iOS.swift */; };
		466F77DB25B14CA3006E88E3 /* Tests_macOS.swift in Sources */ = {isa = PBXBuildFile; fileRef = 466F77DA25B14CA3006E88E3 /* Tests_macOS.swift */; };
		466F77DD25B14CA3006E88E3 /* CinemaApp.xcdatamodeld in Sources */ = {isa = PBXBuildFile; fileRef = 466F77B125B14CA1006E88E3 /* CinemaApp.xcdatamodeld */; };
		466F77DE25B14CA3006E88E3 /* CinemaApp.xcdatamodeld in Sources */ = {isa = PBXBuildFile; fileRef = 466F77B125B14CA1006E88E3 /* CinemaApp.xcdatamodeld */; };
		466F77DF25B14CA3006E88E3 /* CinemaAppApp.swift in Sources */ = {isa = PBXBuildFile; fileRef = 466F77B325B14CA1006E88E3 /* CinemaAppApp.swift */; };
		466F77E025B14CA3006E88E3 /* CinemaAppApp.swift in Sources */ = {isa = PBXBuildFile; fileRef = 466F77B325B14CA1006E88E3 /* CinemaAppApp.swift */; };
		466F77E125B14CA3006E88E3 /* ContentView.swift in Sources */ = {isa = PBXBuildFile; fileRef = 466F77B425B14CA1006E88E3 /* ContentView.swift */; };
		466F77E225B14CA3006E88E3 /* ContentView.swift in Sources */ = {isa = PBXBuildFile; fileRef = 466F77B425B14CA1006E88E3 /* ContentView.swift */; };
		466F77E325B14CA3006E88E3 /* Persistence.swift in Sources */ = {isa = PBXBuildFile; fileRef = 466F77B525B14CA1006E88E3 /* Persistence.swift */; };
		466F77E425B14CA3006E88E3 /* Persistence.swift in Sources */ = {isa = PBXBuildFile; fileRef = 466F77B525B14CA1006E88E3 /* Persistence.swift */; };
		466F77E525B14CA3006E88E3 /* Assets.xcassets in Resources */ = {isa = PBXBuildFile; fileRef = 466F77B625B14CA3006E88E3 /* Assets.xcassets */; };
		466F77E625B14CA3006E88E3 /* Assets.xcassets in Resources */ = {isa = PBXBuildFile; fileRef = 466F77B625B14CA3006E88E3 /* Assets.xcassets */; };
		466F77FB25B152C3006E88E3 /* LoginViewModel.swift in Sources */ = {isa = PBXBuildFile; fileRef = 466F77FA25B152C3006E88E3 /* LoginViewModel.swift */; };
		466F781025B15600006E88E3 /* LoginView.swift in Sources */ = {isa = PBXBuildFile; fileRef = 466F780F25B15600006E88E3 /* LoginView.swift */; };
		466F781725B17092006E88E3 /* SwiftyJSON in Frameworks */ = {isa = PBXBuildFile; productRef = 466F781625B17092006E88E3 /* SwiftyJSON */; };
		46A6913C25B691A80076DC02 /* MovieAboutViewModel.swift in Sources */ = {isa = PBXBuildFile; fileRef = 46A6913B25B691A80076DC02 /* MovieAboutViewModel.swift */; };
		46A6913D25B691A80076DC02 /* MovieAboutViewModel.swift in Sources */ = {isa = PBXBuildFile; fileRef = 46A6913B25B691A80076DC02 /* MovieAboutViewModel.swift */; };
		46A6913E25B691A80076DC02 /* MovieAboutViewModel.swift in Sources */ = {isa = PBXBuildFile; fileRef = 46A6913B25B691A80076DC02 /* MovieAboutViewModel.swift */; };
		46A6913F25B691A80076DC02 /* MovieAboutViewModel.swift in Sources */ = {isa = PBXBuildFile; fileRef = 46A6913B25B691A80076DC02 /* MovieAboutViewModel.swift */; };
		46A6914525B696630076DC02 /* Episode.swift in Sources */ = {isa = PBXBuildFile; fileRef = 46A6914425B696630076DC02 /* Episode.swift */; };
		46A6914625B696630076DC02 /* Episode.swift in Sources */ = {isa = PBXBuildFile; fileRef = 46A6914425B696630076DC02 /* Episode.swift */; };
		46A6914725B696630076DC02 /* Episode.swift in Sources */ = {isa = PBXBuildFile; fileRef = 46A6914425B696630076DC02 /* Episode.swift */; };
		46A6914825B696630076DC02 /* Episode.swift in Sources */ = {isa = PBXBuildFile; fileRef = 46A6914425B696630076DC02 /* Episode.swift */; };
		6729384D25C1AA4F0014A114 /* ContentView.swift in Sources */ = {isa = PBXBuildFile; fileRef = 6729383F25C1AA3C0014A114 /* ContentView.swift */; };
		6729385C25C1AAFD0014A114 /* LoginView.swift in Sources */ = {isa = PBXBuildFile; fileRef = 6729384B25C1AA3D0014A114 /* LoginView.swift */; };
		6729386425C1AB1E0014A114 /* Tag.swift in Sources */ = {isa = PBXBuildFile; fileRef = 6729384125C1AA3C0014A114 /* Tag.swift */; };
		6729386525C1AB1E0014A114 /* Movie.swift in Sources */ = {isa = PBXBuildFile; fileRef = 6729384325C1AA3C0014A114 /* Movie.swift */; };
		6729386625C1AB1E0014A114 /* Episode.swift in Sources */ = {isa = PBXBuildFile; fileRef = 6729384225C1AA3C0014A114 /* Episode.swift */; };
		6729386E25C1AB240014A114 /* MainView.swift in Sources */ = {isa = PBXBuildFile; fileRef = 6729384C25C1AA3D0014A114 /* MainView.swift */; };
		6729386F25C1AB240014A114 /* MovieAbout.swift in Sources */ = {isa = PBXBuildFile; fileRef = 6729384A25C1AA3D0014A114 /* MovieAbout.swift */; };
		6729387E25C1AB2A0014A114 /* AppViewModel.swift in Sources */ = {isa = PBXBuildFile; fileRef = 6729384525C1AA3D0014A114 /* AppViewModel.swift */; };
		6729387F25C1AB2A0014A114 /* MovieAboutViewModel.swift in Sources */ = {isa = PBXBuildFile; fileRef = 6729384725C1AA3D0014A114 /* MovieAboutViewModel.swift */; };
		6729388025C1AB2A0014A114 /* LoginViewModel.swift in Sources */ = {isa = PBXBuildFile; fileRef = 6729384825C1AA3D0014A114 /* LoginViewModel.swift */; };
		6729388125C1AB2A0014A114 /* MainViewModel.swift in Sources */ = {isa = PBXBuildFile; fileRef = 6729384625C1AA3D0014A114 /* MainViewModel.swift */; };
		672ED31C25C1A94F00EF61D3 /* CinemaAppTVApp.swift in Sources */ = {isa = PBXBuildFile; fileRef = 672ED31B25C1A94F00EF61D3 /* CinemaAppTVApp.swift */; };
		672ED32025C1A95000EF61D3 /* Assets.xcassets in Resources */ = {isa = PBXBuildFile; fileRef = 672ED31F25C1A95000EF61D3 /* Assets.xcassets */; };
		672ED32325C1A95000EF61D3 /* Preview Assets.xcassets in Resources */ = {isa = PBXBuildFile; fileRef = 672ED32225C1A95000EF61D3 /* Preview Assets.xcassets */; };
		672ED32E25C1A95000EF61D3 /* CinemaAppTVTests.swift in Sources */ = {isa = PBXBuildFile; fileRef = 672ED32D25C1A95000EF61D3 /* CinemaAppTVTests.swift */; };
		672ED33925C1A95000EF61D3 /* CinemaAppTVUITests.swift in Sources */ = {isa = PBXBuildFile; fileRef = 672ED33825C1A95000EF61D3 /* CinemaAppTVUITests.swift */; };
		67336C2325C1ADB3000E9193 /* Kingfisher in Frameworks */ = {isa = PBXBuildFile; productRef = 67336C2225C1ADB3000E9193 /* Kingfisher */; };
		67336C2D25C1AE6F000E9193 /* Kingfisher in Frameworks */ = {isa = PBXBuildFile; productRef = 67336C2C25C1AE6F000E9193 /* Kingfisher */; };
		67336C3E25C1AE9B000E9193 /* Alamofire in Frameworks */ = {isa = PBXBuildFile; productRef = 67336C3D25C1AE9B000E9193 /* Alamofire */; };
		67336C4725C1AEAA000E9193 /* Alamofire in Frameworks */ = {isa = PBXBuildFile; productRef = 67336C4625C1AEAA000E9193 /* Alamofire */; };
		67336C4925C1AEB0000E9193 /* SwiftyJSON in Frameworks */ = {isa = PBXBuildFile; productRef = 67336C4825C1AEB0000E9193 /* SwiftyJSON */; };
/* End PBXBuildFile section */

/* Begin PBXContainerItemProxy section */
		466F77CC25B14CA3006E88E3 /* PBXContainerItemProxy */ = {
			isa = PBXContainerItemProxy;
			containerPortal = 466F77AC25B14CA1006E88E3 /* Project object */;
			proxyType = 1;
			remoteGlobalIDString = 466F77BA25B14CA3006E88E3;
			remoteInfo = "CinemaApp (iOS)";
		};
		466F77D725B14CA3006E88E3 /* PBXContainerItemProxy */ = {
			isa = PBXContainerItemProxy;
			containerPortal = 466F77AC25B14CA1006E88E3 /* Project object */;
			proxyType = 1;
			remoteGlobalIDString = 466F77C225B14CA3006E88E3;
			remoteInfo = "CinemaApp (macOS)";
		};
		672ED32A25C1A95000EF61D3 /* PBXContainerItemProxy */ = {
			isa = PBXContainerItemProxy;
			containerPortal = 466F77AC25B14CA1006E88E3 /* Project object */;
			proxyType = 1;
			remoteGlobalIDString = 672ED31825C1A94F00EF61D3;
			remoteInfo = CinemaAppTV;
		};
		672ED33525C1A95000EF61D3 /* PBXContainerItemProxy */ = {
			isa = PBXContainerItemProxy;
			containerPortal = 466F77AC25B14CA1006E88E3 /* Project object */;
			proxyType = 1;
			remoteGlobalIDString = 672ED31825C1A94F00EF61D3;
			remoteInfo = CinemaAppTV;
		};
/* End PBXContainerItemProxy section */

/* Begin PBXFileReference section */
		464FAF5125B2968400B9DB49 /* MainView.swift */ = {isa = PBXFileReference; lastKnownFileType = sourcecode.swift; path = MainView.swift; sourceTree = "<group>"; };
		464FAF5A25B296CC00B9DB49 /* MainViewModel.swift */ = {isa = PBXFileReference; lastKnownFileType = sourcecode.swift; path = MainViewModel.swift; sourceTree = "<group>"; };
		464FAF6325B297F500B9DB49 /* AppViewModel.swift */ = {isa = PBXFileReference; lastKnownFileType = sourcecode.swift; path = AppViewModel.swift; sourceTree = "<group>"; };
		464FAF6D25B2BCC600B9DB49 /* Movie.swift */ = {isa = PBXFileReference; lastKnownFileType = sourcecode.swift; path = Movie.swift; sourceTree = "<group>"; };
		464FAF7A25B2C2F800B9DB49 /* Tag.swift */ = {isa = PBXFileReference; lastKnownFileType = sourcecode.swift; path = Tag.swift; sourceTree = "<group>"; };
		464FAF8E25B2CA6F00B9DB49 /* MovieAbout.swift */ = {isa = PBXFileReference; lastKnownFileType = sourcecode.swift; path = MovieAbout.swift; sourceTree = "<group>"; };
		466F77B225B14CA1006E88E3 /* Shared.xcdatamodel */ = {isa = PBXFileReference; lastKnownFileType = wrapper.xcdatamodel; path = Shared.xcdatamodel; sourceTree = "<group>"; };
		466F77B325B14CA1006E88E3 /* CinemaAppApp.swift */ = {isa = PBXFileReference; lastKnownFileType = sourcecode.swift; path = CinemaAppApp.swift; sourceTree = "<group>"; };
		466F77B425B14CA1006E88E3 /* ContentView.swift */ = {isa = PBXFileReference; lastKnownFileType = sourcecode.swift; path = ContentView.swift; sourceTree = "<group>"; };
		466F77B525B14CA1006E88E3 /* Persistence.swift */ = {isa = PBXFileReference; lastKnownFileType = sourcecode.swift; path = Persistence.swift; sourceTree = "<group>"; };
		466F77B625B14CA3006E88E3 /* Assets.xcassets */ = {isa = PBXFileReference; lastKnownFileType = folder.assetcatalog; path = Assets.xcassets; sourceTree = "<group>"; };
		466F77BB25B14CA3006E88E3 /* CinemaApp.app */ = {isa = PBXFileReference; explicitFileType = wrapper.application; includeInIndex = 0; path = CinemaApp.app; sourceTree = BUILT_PRODUCTS_DIR; };
		466F77BE25B14CA3006E88E3 /* Info.plist */ = {isa = PBXFileReference; lastKnownFileType = text.plist.xml; path = Info.plist; sourceTree = "<group>"; };
		466F77C325B14CA3006E88E3 /* CinemaApp.app */ = {isa = PBXFileReference; explicitFileType = wrapper.application; includeInIndex = 0; path = CinemaApp.app; sourceTree = BUILT_PRODUCTS_DIR; };
		466F77C525B14CA3006E88E3 /* Info.plist */ = {isa = PBXFileReference; lastKnownFileType = text.plist.xml; path = Info.plist; sourceTree = "<group>"; };
		466F77C625B14CA3006E88E3 /* macOS.entitlements */ = {isa = PBXFileReference; lastKnownFileType = text.plist.entitlements; path = macOS.entitlements; sourceTree = "<group>"; };
		466F77CB25B14CA3006E88E3 /* Tests iOS.xctest */ = {isa = PBXFileReference; explicitFileType = wrapper.cfbundle; includeInIndex = 0; path = "Tests iOS.xctest"; sourceTree = BUILT_PRODUCTS_DIR; };
		466F77CF25B14CA3006E88E3 /* Tests_iOS.swift */ = {isa = PBXFileReference; lastKnownFileType = sourcecode.swift; path = Tests_iOS.swift; sourceTree = "<group>"; };
		466F77D125B14CA3006E88E3 /* Info.plist */ = {isa = PBXFileReference; lastKnownFileType = text.plist.xml; path = Info.plist; sourceTree = "<group>"; };
		466F77D625B14CA3006E88E3 /* Tests macOS.xctest */ = {isa = PBXFileReference; explicitFileType = wrapper.cfbundle; includeInIndex = 0; path = "Tests macOS.xctest"; sourceTree = BUILT_PRODUCTS_DIR; };
		466F77DA25B14CA3006E88E3 /* Tests_macOS.swift */ = {isa = PBXFileReference; lastKnownFileType = sourcecode.swift; path = Tests_macOS.swift; sourceTree = "<group>"; };
		466F77DC25B14CA3006E88E3 /* Info.plist */ = {isa = PBXFileReference; lastKnownFileType = text.plist.xml; path = Info.plist; sourceTree = "<group>"; };
		466F77FA25B152C3006E88E3 /* LoginViewModel.swift */ = {isa = PBXFileReference; lastKnownFileType = sourcecode.swift; path = LoginViewModel.swift; sourceTree = "<group>"; };
		466F780F25B15600006E88E3 /* LoginView.swift */ = {isa = PBXFileReference; lastKnownFileType = sourcecode.swift; path = LoginView.swift; sourceTree = "<group>"; };
		46A6913B25B691A80076DC02 /* MovieAboutViewModel.swift */ = {isa = PBXFileReference; lastKnownFileType = sourcecode.swift; path = MovieAboutViewModel.swift; sourceTree = "<group>"; };
		46A6914425B696630076DC02 /* Episode.swift */ = {isa = PBXFileReference; lastKnownFileType = sourcecode.swift; path = Episode.swift; sourceTree = "<group>"; };
		6729383F25C1AA3C0014A114 /* ContentView.swift */ = {isa = PBXFileReference; lastKnownFileType = sourcecode.swift; path = ContentView.swift; sourceTree = "<group>"; };
		6729384125C1AA3C0014A114 /* Tag.swift */ = {isa = PBXFileReference; lastKnownFileType = sourcecode.swift; path = Tag.swift; sourceTree = "<group>"; };
		6729384225C1AA3C0014A114 /* Episode.swift */ = {isa = PBXFileReference; lastKnownFileType = sourcecode.swift; path = Episode.swift; sourceTree = "<group>"; };
		6729384325C1AA3C0014A114 /* Movie.swift */ = {isa = PBXFileReference; lastKnownFileType = sourcecode.swift; path = Movie.swift; sourceTree = "<group>"; };
		6729384525C1AA3D0014A114 /* AppViewModel.swift */ = {isa = PBXFileReference; lastKnownFileType = sourcecode.swift; path = AppViewModel.swift; sourceTree = "<group>"; };
		6729384625C1AA3D0014A114 /* MainViewModel.swift */ = {isa = PBXFileReference; lastKnownFileType = sourcecode.swift; path = MainViewModel.swift; sourceTree = "<group>"; };
		6729384725C1AA3D0014A114 /* MovieAboutViewModel.swift */ = {isa = PBXFileReference; lastKnownFileType = sourcecode.swift; path = MovieAboutViewModel.swift; sourceTree = "<group>"; };
		6729384825C1AA3D0014A114 /* LoginViewModel.swift */ = {isa = PBXFileReference; lastKnownFileType = sourcecode.swift; path = LoginViewModel.swift; sourceTree = "<group>"; };
		6729384A25C1AA3D0014A114 /* MovieAbout.swift */ = {isa = PBXFileReference; lastKnownFileType = sourcecode.swift; path = MovieAbout.swift; sourceTree = "<group>"; };
		6729384B25C1AA3D0014A114 /* LoginView.swift */ = {isa = PBXFileReference; lastKnownFileType = sourcecode.swift; path = LoginView.swift; sourceTree = "<group>"; };
		6729384C25C1AA3D0014A114 /* MainView.swift */ = {isa = PBXFileReference; lastKnownFileType = sourcecode.swift; path = MainView.swift; sourceTree = "<group>"; };
		672ED31925C1A94F00EF61D3 /* CinemaAppTV.app */ = {isa = PBXFileReference; explicitFileType = wrapper.application; includeInIndex = 0; path = CinemaAppTV.app; sourceTree = BUILT_PRODUCTS_DIR; };
		672ED31B25C1A94F00EF61D3 /* CinemaAppTVApp.swift */ = {isa = PBXFileReference; lastKnownFileType = sourcecode.swift; path = CinemaAppTVApp.swift; sourceTree = "<group>"; };
		672ED31F25C1A95000EF61D3 /* Assets.xcassets */ = {isa = PBXFileReference; lastKnownFileType = folder.assetcatalog; path = Assets.xcassets; sourceTree = "<group>"; };
		672ED32225C1A95000EF61D3 /* Preview Assets.xcassets */ = {isa = PBXFileReference; lastKnownFileType = folder.assetcatalog; path = "Preview Assets.xcassets"; sourceTree = "<group>"; };
		672ED32425C1A95000EF61D3 /* Info.plist */ = {isa = PBXFileReference; lastKnownFileType = text.plist.xml; path = Info.plist; sourceTree = "<group>"; };
		672ED32925C1A95000EF61D3 /* CinemaAppTVTests.xctest */ = {isa = PBXFileReference; explicitFileType = wrapper.cfbundle; includeInIndex = 0; path = CinemaAppTVTests.xctest; sourceTree = BUILT_PRODUCTS_DIR; };
		672ED32D25C1A95000EF61D3 /* CinemaAppTVTests.swift */ = {isa = PBXFileReference; lastKnownFileType = sourcecode.swift; path = CinemaAppTVTests.swift; sourceTree = "<group>"; };
		672ED32F25C1A95000EF61D3 /* Info.plist */ = {isa = PBXFileReference; lastKnownFileType = text.plist.xml; path = Info.plist; sourceTree = "<group>"; };
		672ED33425C1A95000EF61D3 /* CinemaAppTVUITests.xctest */ = {isa = PBXFileReference; explicitFileType = wrapper.cfbundle; includeInIndex = 0; path = CinemaAppTVUITests.xctest; sourceTree = BUILT_PRODUCTS_DIR; };
		672ED33825C1A95000EF61D3 /* CinemaAppTVUITests.swift */ = {isa = PBXFileReference; lastKnownFileType = sourcecode.swift; path = CinemaAppTVUITests.swift; sourceTree = "<group>"; };
		672ED33A25C1A95000EF61D3 /* Info.plist */ = {isa = PBXFileReference; lastKnownFileType = text.plist.xml; path = Info.plist; sourceTree = "<group>"; };
		67336C5125C1B590000E9193 /* CinemaAppApp.swift */ = {isa = PBXFileReference; lastKnownFileType = sourcecode.swift; path = CinemaAppApp.swift; sourceTree = "<group>"; };
		67336C5225C1B590000E9193 /* Persistence.swift */ = {isa = PBXFileReference; lastKnownFileType = sourcecode.swift; path = Persistence.swift; sourceTree = "<group>"; };
		67336C5325C1B590000E9193 /* ContentView.swift */ = {isa = PBXFileReference; lastKnownFileType = sourcecode.swift; path = ContentView.swift; sourceTree = "<group>"; };
		67336C5425C1B590000E9193 /* Assets.xcassets */ = {isa = PBXFileReference; lastKnownFileType = folder.assetcatalog; path = Assets.xcassets; sourceTree = "<group>"; };
		67336C5625C1B590000E9193 /* Movie.swift */ = {isa = PBXFileReference; lastKnownFileType = sourcecode.swift; path = Movie.swift; sourceTree = "<group>"; };
		67336C5725C1B591000E9193 /* Episode.swift */ = {isa = PBXFileReference; lastKnownFileType = sourcecode.swift; path = Episode.swift; sourceTree = "<group>"; };
		67336C5825C1B591000E9193 /* Tag.swift */ = {isa = PBXFileReference; lastKnownFileType = sourcecode.swift; path = Tag.swift; sourceTree = "<group>"; };
		67336C5A25C1B591000E9193 /* Shared.xcdatamodel */ = {isa = PBXFileReference; lastKnownFileType = wrapper.xcdatamodel; path = Shared.xcdatamodel; sourceTree = "<group>"; };
		67336C5C25C1B591000E9193 /* AppViewModel.swift */ = {isa = PBXFileReference; lastKnownFileType = sourcecode.swift; path = AppViewModel.swift; sourceTree = "<group>"; };
		67336C5D25C1B591000E9193 /* LoginViewModel.swift */ = {isa = PBXFileReference; lastKnownFileType = sourcecode.swift; path = LoginViewModel.swift; sourceTree = "<group>"; };
		67336C5E25C1B591000E9193 /* MainViewModel.swift */ = {isa = PBXFileReference; lastKnownFileType = sourcecode.swift; path = MainViewModel.swift; sourceTree = "<group>"; };
		67336C5F25C1B591000E9193 /* MovieAboutViewModel.swift */ = {isa = PBXFileReference; lastKnownFileType = sourcecode.swift; path = MovieAboutViewModel.swift; sourceTree = "<group>"; };
		67336C6125C1B591000E9193 /* MovieAbout.swift */ = {isa = PBXFileReference; lastKnownFileType = sourcecode.swift; path = MovieAbout.swift; sourceTree = "<group>"; };
		67336C6225C1B591000E9193 /* MainView.swift */ = {isa = PBXFileReference; lastKnownFileType = sourcecode.swift; path = MainView.swift; sourceTree = "<group>"; };
		67336C6325C1B592000E9193 /* LoginView.swift */ = {isa = PBXFileReference; lastKnownFileType = sourcecode.swift; path = LoginView.swift; sourceTree = "<group>"; };
/* End PBXFileReference section */

/* Begin PBXFrameworksBuildPhase section */
		466F77B825B14CA3006E88E3 /* Frameworks */ = {
			isa = PBXFrameworksBuildPhase;
			buildActionMask = 2147483647;
			files = (
				67336C4725C1AEAA000E9193 /* Alamofire in Frameworks */,
				67336C2D25C1AE6F000E9193 /* Kingfisher in Frameworks */,
				466F781725B17092006E88E3 /* SwiftyJSON in Frameworks */,
			);
			runOnlyForDeploymentPostprocessing = 0;
		};
		466F77C025B14CA3006E88E3 /* Frameworks */ = {
			isa = PBXFrameworksBuildPhase;
			buildActionMask = 2147483647;
			files = (
			);
			runOnlyForDeploymentPostprocessing = 0;
		};
		466F77C825B14CA3006E88E3 /* Frameworks */ = {
			isa = PBXFrameworksBuildPhase;
			buildActionMask = 2147483647;
			files = (
			);
			runOnlyForDeploymentPostprocessing = 0;
		};
		466F77D325B14CA3006E88E3 /* Frameworks */ = {
			isa = PBXFrameworksBuildPhase;
			buildActionMask = 2147483647;
			files = (
			);
			runOnlyForDeploymentPostprocessing = 0;
		};
		672ED31625C1A94F00EF61D3 /* Frameworks */ = {
			isa = PBXFrameworksBuildPhase;
			buildActionMask = 2147483647;
			files = (
				67336C4925C1AEB0000E9193 /* SwiftyJSON in Frameworks */,
				67336C2325C1ADB3000E9193 /* Kingfisher in Frameworks */,
				67336C3E25C1AE9B000E9193 /* Alamofire in Frameworks */,
			);
			runOnlyForDeploymentPostprocessing = 0;
		};
		672ED32625C1A95000EF61D3 /* Frameworks */ = {
			isa = PBXFrameworksBuildPhase;
			buildActionMask = 2147483647;
			files = (
			);
			runOnlyForDeploymentPostprocessing = 0;
		};
		672ED33125C1A95000EF61D3 /* Frameworks */ = {
			isa = PBXFrameworksBuildPhase;
			buildActionMask = 2147483647;
			files = (
			);
			runOnlyForDeploymentPostprocessing = 0;
		};
/* End PBXFrameworksBuildPhase section */

/* Begin PBXGroup section */
		464FAF6C25B2BCAF00B9DB49 /* Model */ = {
			isa = PBXGroup;
			children = (
				464FAF6D25B2BCC600B9DB49 /* Movie.swift */,
				46A6914425B696630076DC02 /* Episode.swift */,
				464FAF7A25B2C2F800B9DB49 /* Tag.swift */,
			);
			path = Model;
			sourceTree = "<group>";
		};
		466F77AB25B14CA1006E88E3 = {
			isa = PBXGroup;
			children = (
				466F77B025B14CA1006E88E3 /* Shared */,
				466F77BD25B14CA3006E88E3 /* iOS */,
				466F77C425B14CA3006E88E3 /* macOS */,
				466F77CE25B14CA3006E88E3 /* Tests iOS */,
				466F77D925B14CA3006E88E3 /* Tests macOS */,
				672ED31A25C1A94F00EF61D3 /* CinemaAppTV */,
				672ED32C25C1A95000EF61D3 /* CinemaAppTVTests */,
				672ED33725C1A95000EF61D3 /* CinemaAppTVUITests */,
				466F77BC25B14CA3006E88E3 /* Products */,
				67336C2B25C1AE6F000E9193 /* Frameworks */,
			);
			sourceTree = "<group>";
		};
		466F77B025B14CA1006E88E3 /* Shared */ = {
			isa = PBXGroup;
			children = (
				466F77B325B14CA1006E88E3 /* CinemaAppApp.swift */,
				466F77B425B14CA1006E88E3 /* ContentView.swift */,
				464FAF6C25B2BCAF00B9DB49 /* Model */,
				466F780425B155C2006E88E3 /* View */,
				466F77F925B152A8006E88E3 /* ViewModel */,
				466F77B525B14CA1006E88E3 /* Persistence.swift */,
				466F77B625B14CA3006E88E3 /* Assets.xcassets */,
				466F77B125B14CA1006E88E3 /* CinemaApp.xcdatamodeld */,
			);
			path = Shared;
			sourceTree = "<group>";
		};
		466F77BC25B14CA3006E88E3 /* Products */ = {
			isa = PBXGroup;
			children = (
				466F77BB25B14CA3006E88E3 /* CinemaApp.app */,
				466F77C325B14CA3006E88E3 /* CinemaApp.app */,
				466F77CB25B14CA3006E88E3 /* Tests iOS.xctest */,
				466F77D625B14CA3006E88E3 /* Tests macOS.xctest */,
				672ED31925C1A94F00EF61D3 /* CinemaAppTV.app */,
				672ED32925C1A95000EF61D3 /* CinemaAppTVTests.xctest */,
				672ED33425C1A95000EF61D3 /* CinemaAppTVUITests.xctest */,
			);
			name = Products;
			sourceTree = "<group>";
		};
		466F77BD25B14CA3006E88E3 /* iOS */ = {
			isa = PBXGroup;
			children = (
				67336C5125C1B590000E9193 /* CinemaAppApp.swift */,
				67336C5325C1B590000E9193 /* ContentView.swift */,
				67336C5525C1B590000E9193 /* Model */,
				67336C6025C1B591000E9193 /* View */,
				67336C5B25C1B591000E9193 /* ViewModel */,
				67336C5225C1B590000E9193 /* Persistence.swift */,
				67336C5425C1B590000E9193 /* Assets.xcassets */,
				67336C5925C1B591000E9193 /* CinemaApp.xcdatamodeld */,
				466F77BE25B14CA3006E88E3 /* Info.plist */,
			);
			path = iOS;
			sourceTree = "<group>";
		};
		466F77C425B14CA3006E88E3 /* macOS */ = {
			isa = PBXGroup;
			children = (
				466F77C525B14CA3006E88E3 /* Info.plist */,
				466F77C625B14CA3006E88E3 /* macOS.entitlements */,
			);
			path = macOS;
			sourceTree = "<group>";
		};
		466F77CE25B14CA3006E88E3 /* Tests iOS */ = {
			isa = PBXGroup;
			children = (
				466F77CF25B14CA3006E88E3 /* Tests_iOS.swift */,
				466F77D125B14CA3006E88E3 /* Info.plist */,
			);
			path = "Tests iOS";
			sourceTree = "<group>";
		};
		466F77D925B14CA3006E88E3 /* Tests macOS */ = {
			isa = PBXGroup;
			children = (
				466F77DA25B14CA3006E88E3 /* Tests_macOS.swift */,
				466F77DC25B14CA3006E88E3 /* Info.plist */,
			);
			path = "Tests macOS";
			sourceTree = "<group>";
		};
		466F77F925B152A8006E88E3 /* ViewModel */ = {
			isa = PBXGroup;
			children = (
				466F77FA25B152C3006E88E3 /* LoginViewModel.swift */,
				464FAF5A25B296CC00B9DB49 /* MainViewModel.swift */,
				464FAF6325B297F500B9DB49 /* AppViewModel.swift */,
				46A6913B25B691A80076DC02 /* MovieAboutViewModel.swift */,
			);
			path = ViewModel;
			sourceTree = "<group>";
		};
		466F780425B155C2006E88E3 /* View */ = {
			isa = PBXGroup;
			children = (
				466F780F25B15600006E88E3 /* LoginView.swift */,
				464FAF5125B2968400B9DB49 /* MainView.swift */,
				464FAF8E25B2CA6F00B9DB49 /* MovieAbout.swift */,
			);
			path = View;
			sourceTree = "<group>";
		};
		672ED31A25C1A94F00EF61D3 /* CinemaAppTV */ = {
			isa = PBXGroup;
			children = (
				6729383F25C1AA3C0014A114 /* ContentView.swift */,
				672ED31B25C1A94F00EF61D3 /* CinemaAppTVApp.swift */,
				6729384B25C1AA3D0014A114 /* LoginView.swift */,
				6729384325C1AA3C0014A114 /* Movie.swift */,
				6729384225C1AA3C0014A114 /* Episode.swift */,
				6729384125C1AA3C0014A114 /* Tag.swift */,
				6729384C25C1AA3D0014A114 /* MainView.swift */,
				6729384A25C1AA3D0014A114 /* MovieAbout.swift */,
				6729384825C1AA3D0014A114 /* LoginViewModel.swift */,
				6729384625C1AA3D0014A114 /* MainViewModel.swift */,
				6729384525C1AA3D0014A114 /* AppViewModel.swift */,
				6729384725C1AA3D0014A114 /* MovieAboutViewModel.swift */,
				672ED31F25C1A95000EF61D3 /* Assets.xcassets */,
				672ED32425C1A95000EF61D3 /* Info.plist */,
				672ED32125C1A95000EF61D3 /* Preview Content */,
			);
			path = CinemaAppTV;
			sourceTree = "<group>";
		};
		672ED32125C1A95000EF61D3 /* Preview Content */ = {
			isa = PBXGroup;
			children = (
				672ED32225C1A95000EF61D3 /* Preview Assets.xcassets */,
			);
			path = "Preview Content";
			sourceTree = "<group>";
		};
		672ED32C25C1A95000EF61D3 /* CinemaAppTVTests */ = {
			isa = PBXGroup;
			children = (
				672ED32D25C1A95000EF61D3 /* CinemaAppTVTests.swift */,
				672ED32F25C1A95000EF61D3 /* Info.plist */,
			);
			path = CinemaAppTVTests;
			sourceTree = "<group>";
		};
		672ED33725C1A95000EF61D3 /* CinemaAppTVUITests */ = {
			isa = PBXGroup;
			children = (
				672ED33825C1A95000EF61D3 /* CinemaAppTVUITests.swift */,
				672ED33A25C1A95000EF61D3 /* Info.plist */,
			);
			path = CinemaAppTVUITests;
			sourceTree = "<group>";
		};
		67336C2B25C1AE6F000E9193 /* Frameworks */ = {
			isa = PBXGroup;
			children = (
			);
			name = Frameworks;
			sourceTree = "<group>";
		};
		67336C5525C1B590000E9193 /* Model */ = {
			isa = PBXGroup;
			children = (
				67336C5625C1B590000E9193 /* Movie.swift */,
				67336C5725C1B591000E9193 /* Episode.swift */,
				67336C5825C1B591000E9193 /* Tag.swift */,
			);
			path = Model;
			sourceTree = "<group>";
		};
		67336C5B25C1B591000E9193 /* ViewModel */ = {
			isa = PBXGroup;
			children = (
				67336C5D25C1B591000E9193 /* LoginViewModel.swift */,
				67336C5E25C1B591000E9193 /* MainViewModel.swift */,
				67336C5C25C1B591000E9193 /* AppViewModel.swift */,
				67336C5F25C1B591000E9193 /* MovieAboutViewModel.swift */,
			);
			path = ViewModel;
			sourceTree = "<group>";
		};
		67336C6025C1B591000E9193 /* View */ = {
			isa = PBXGroup;
			children = (
				67336C6325C1B592000E9193 /* LoginView.swift */,
				67336C6225C1B591000E9193 /* MainView.swift */,
				67336C6125C1B591000E9193 /* MovieAbout.swift */,
			);
			path = View;
			sourceTree = "<group>";
		};
/* End PBXGroup section */

/* Begin PBXNativeTarget section */
		466F77BA25B14CA3006E88E3 /* CinemaApp (iOS) */ = {
			isa = PBXNativeTarget;
			buildConfigurationList = 466F77E925B14CA3006E88E3 /* Build configuration list for PBXNativeTarget "CinemaApp (iOS)" */;
			buildPhases = (
				466F77B725B14CA3006E88E3 /* Sources */,
				466F77B825B14CA3006E88E3 /* Frameworks */,
				466F77B925B14CA3006E88E3 /* Resources */,
			);
			buildRules = (
			);
			dependencies = (
			);
			name = "CinemaApp (iOS)";
			packageProductDependencies = (
				466F781625B17092006E88E3 /* SwiftyJSON */,
				67336C2C25C1AE6F000E9193 /* Kingfisher */,
				67336C4625C1AEAA000E9193 /* Alamofire */,
			);
			productName = "CinemaApp (iOS)";
			productReference = 466F77BB25B14CA3006E88E3 /* CinemaApp.app */;
			productType = "com.apple.product-type.application";
		};
		466F77C225B14CA3006E88E3 /* CinemaApp (macOS) */ = {
			isa = PBXNativeTarget;
			buildConfigurationList = 466F77EC25B14CA3006E88E3 /* Build configuration list for PBXNativeTarget "CinemaApp (macOS)" */;
			buildPhases = (
				466F77BF25B14CA3006E88E3 /* Sources */,
				466F77C025B14CA3006E88E3 /* Frameworks */,
				466F77C125B14CA3006E88E3 /* Resources */,
			);
			buildRules = (
			);
			dependencies = (
			);
			name = "CinemaApp (macOS)";
			productName = "CinemaApp (macOS)";
			productReference = 466F77C325B14CA3006E88E3 /* CinemaApp.app */;
			productType = "com.apple.product-type.application";
		};
		466F77CA25B14CA3006E88E3 /* Tests iOS */ = {
			isa = PBXNativeTarget;
			buildConfigurationList = 466F77EF25B14CA3006E88E3 /* Build configuration list for PBXNativeTarget "Tests iOS" */;
			buildPhases = (
				466F77C725B14CA3006E88E3 /* Sources */,
				466F77C825B14CA3006E88E3 /* Frameworks */,
				466F77C925B14CA3006E88E3 /* Resources */,
			);
			buildRules = (
			);
			dependencies = (
				466F77CD25B14CA3006E88E3 /* PBXTargetDependency */,
			);
			name = "Tests iOS";
			productName = "Tests iOS";
			productReference = 466F77CB25B14CA3006E88E3 /* Tests iOS.xctest */;
			productType = "com.apple.product-type.bundle.ui-testing";
		};
		466F77D525B14CA3006E88E3 /* Tests macOS */ = {
			isa = PBXNativeTarget;
			buildConfigurationList = 466F77F225B14CA3006E88E3 /* Build configuration list for PBXNativeTarget "Tests macOS" */;
			buildPhases = (
				466F77D225B14CA3006E88E3 /* Sources */,
				466F77D325B14CA3006E88E3 /* Frameworks */,
				466F77D425B14CA3006E88E3 /* Resources */,
			);
			buildRules = (
			);
			dependencies = (
				466F77D825B14CA3006E88E3 /* PBXTargetDependency */,
			);
			name = "Tests macOS";
			productName = "Tests macOS";
			productReference = 466F77D625B14CA3006E88E3 /* Tests macOS.xctest */;
			productType = "com.apple.product-type.bundle.ui-testing";
		};
		672ED31825C1A94F00EF61D3 /* CinemaAppTV */ = {
			isa = PBXNativeTarget;
			buildConfigurationList = 672ED34125C1A95000EF61D3 /* Build configuration list for PBXNativeTarget "CinemaAppTV" */;
			buildPhases = (
				672ED31525C1A94F00EF61D3 /* Sources */,
				672ED31625C1A94F00EF61D3 /* Frameworks */,
				672ED31725C1A94F00EF61D3 /* Resources */,
			);
			buildRules = (
			);
			dependencies = (
			);
			name = CinemaAppTV;
			packageProductDependencies = (
				67336C2225C1ADB3000E9193 /* Kingfisher */,
				67336C3D25C1AE9B000E9193 /* Alamofire */,
				67336C4825C1AEB0000E9193 /* SwiftyJSON */,
			);
			productName = CinemaAppTV;
			productReference = 672ED31925C1A94F00EF61D3 /* CinemaAppTV.app */;
			productType = "com.apple.product-type.application";
		};
		672ED32825C1A95000EF61D3 /* CinemaAppTVTests */ = {
			isa = PBXNativeTarget;
			buildConfigurationList = 672ED34225C1A95000EF61D3 /* Build configuration list for PBXNativeTarget "CinemaAppTVTests" */;
			buildPhases = (
				672ED32525C1A95000EF61D3 /* Sources */,
				672ED32625C1A95000EF61D3 /* Frameworks */,
				672ED32725C1A95000EF61D3 /* Resources */,
			);
			buildRules = (
			);
			dependencies = (
				672ED32B25C1A95000EF61D3 /* PBXTargetDependency */,
			);
			name = CinemaAppTVTests;
			productName = CinemaAppTVTests;
			productReference = 672ED32925C1A95000EF61D3 /* CinemaAppTVTests.xctest */;
			productType = "com.apple.product-type.bundle.unit-test";
		};
		672ED33325C1A95000EF61D3 /* CinemaAppTVUITests */ = {
			isa = PBXNativeTarget;
			buildConfigurationList = 672ED34325C1A95000EF61D3 /* Build configuration list for PBXNativeTarget "CinemaAppTVUITests" */;
			buildPhases = (
				672ED33025C1A95000EF61D3 /* Sources */,
				672ED33125C1A95000EF61D3 /* Frameworks */,
				672ED33225C1A95000EF61D3 /* Resources */,
			);
			buildRules = (
			);
			dependencies = (
				672ED33625C1A95000EF61D3 /* PBXTargetDependency */,
			);
			name = CinemaAppTVUITests;
			productName = CinemaAppTVUITests;
			productReference = 672ED33425C1A95000EF61D3 /* CinemaAppTVUITests.xctest */;
			productType = "com.apple.product-type.bundle.ui-testing";
		};
/* End PBXNativeTarget section */

/* Begin PBXProject section */
		466F77AC25B14CA1006E88E3 /* Project object */ = {
			isa = PBXProject;
			attributes = {
				LastSwiftUpdateCheck = 1220;
				LastUpgradeCheck = 1230;
				TargetAttributes = {
					466F77BA25B14CA3006E88E3 = {
						CreatedOnToolsVersion = 12.3;
					};
					466F77C225B14CA3006E88E3 = {
						CreatedOnToolsVersion = 12.3;
					};
					466F77CA25B14CA3006E88E3 = {
						CreatedOnToolsVersion = 12.3;
						TestTargetID = 466F77BA25B14CA3006E88E3;
					};
					466F77D525B14CA3006E88E3 = {
						CreatedOnToolsVersion = 12.3;
						TestTargetID = 466F77C225B14CA3006E88E3;
					};
					672ED31825C1A94F00EF61D3 = {
						CreatedOnToolsVersion = 12.2;
					};
					672ED32825C1A95000EF61D3 = {
						CreatedOnToolsVersion = 12.2;
						TestTargetID = 672ED31825C1A94F00EF61D3;
					};
					672ED33325C1A95000EF61D3 = {
						CreatedOnToolsVersion = 12.2;
						TestTargetID = 672ED31825C1A94F00EF61D3;
					};
				};
			};
			buildConfigurationList = 466F77AF25B14CA1006E88E3 /* Build configuration list for PBXProject "CinemaApp" */;
			compatibilityVersion = "Xcode 9.3";
			developmentRegion = en;
			hasScannedForEncodings = 0;
			knownRegions = (
				en,
				Base,
			);
			mainGroup = 466F77AB25B14CA1006E88E3;
			packageReferences = (
				466F781525B17092006E88E3 /* XCRemoteSwiftPackageReference "SwiftyJSON" */,
				67336C2125C1ADB3000E9193 /* XCRemoteSwiftPackageReference "Kingfisher" */,
				67336C3C25C1AE9B000E9193 /* XCRemoteSwiftPackageReference "Alamofire" */,
			);
			productRefGroup = 466F77BC25B14CA3006E88E3 /* Products */;
			projectDirPath = "";
			projectRoot = "";
			targets = (
				466F77BA25B14CA3006E88E3 /* CinemaApp (iOS) */,
				466F77C225B14CA3006E88E3 /* CinemaApp (macOS) */,
				466F77CA25B14CA3006E88E3 /* Tests iOS */,
				466F77D525B14CA3006E88E3 /* Tests macOS */,
				672ED31825C1A94F00EF61D3 /* CinemaAppTV */,
				672ED32825C1A95000EF61D3 /* CinemaAppTVTests */,
				672ED33325C1A95000EF61D3 /* CinemaAppTVUITests */,
			);
		};
/* End PBXProject section */

/* Begin PBXResourcesBuildPhase section */
		466F77B925B14CA3006E88E3 /* Resources */ = {
			isa = PBXResourcesBuildPhase;
			buildActionMask = 2147483647;
			files = (
				466F77E525B14CA3006E88E3 /* Assets.xcassets in Resources */,
			);
			runOnlyForDeploymentPostprocessing = 0;
		};
		466F77C125B14CA3006E88E3 /* Resources */ = {
			isa = PBXResourcesBuildPhase;
			buildActionMask = 2147483647;
			files = (
				466F77E625B14CA3006E88E3 /* Assets.xcassets in Resources */,
			);
			runOnlyForDeploymentPostprocessing = 0;
		};
		466F77C925B14CA3006E88E3 /* Resources */ = {
			isa = PBXResourcesBuildPhase;
			buildActionMask = 2147483647;
			files = (
			);
			runOnlyForDeploymentPostprocessing = 0;
		};
		466F77D425B14CA3006E88E3 /* Resources */ = {
			isa = PBXResourcesBuildPhase;
			buildActionMask = 2147483647;
			files = (
			);
			runOnlyForDeploymentPostprocessing = 0;
		};
		672ED31725C1A94F00EF61D3 /* Resources */ = {
			isa = PBXResourcesBuildPhase;
			buildActionMask = 2147483647;
			files = (
				672ED32325C1A95000EF61D3 /* Preview Assets.xcassets in Resources */,
				672ED32025C1A95000EF61D3 /* Assets.xcassets in Resources */,
			);
			runOnlyForDeploymentPostprocessing = 0;
		};
		672ED32725C1A95000EF61D3 /* Resources */ = {
			isa = PBXResourcesBuildPhase;
			buildActionMask = 2147483647;
			files = (
			);
			runOnlyForDeploymentPostprocessing = 0;
		};
		672ED33225C1A95000EF61D3 /* Resources */ = {
			isa = PBXResourcesBuildPhase;
			buildActionMask = 2147483647;
			files = (
			);
			runOnlyForDeploymentPostprocessing = 0;
		};
/* End PBXResourcesBuildPhase section */

/* Begin PBXSourcesBuildPhase section */
		466F77B725B14CA3006E88E3 /* Sources */ = {
			isa = PBXSourcesBuildPhase;
			buildActionMask = 2147483647;
			files = (
				466F781025B15600006E88E3 /* LoginView.swift in Sources */,
				464FAF5225B2968400B9DB49 /* MainView.swift in Sources */,
				464FAF8F25B2CA6F00B9DB49 /* MovieAbout.swift in Sources */,
				464FAF6425B297F500B9DB49 /* AppViewModel.swift in Sources */,
				466F77DF25B14CA3006E88E3 /* CinemaAppApp.swift in Sources */,
				464FAF6E25B2BCC600B9DB49 /* Movie.swift in Sources */,
				466F77E325B14CA3006E88E3 /* Persistence.swift in Sources */,
				466F77DD25B14CA3006E88E3 /* CinemaApp.xcdatamodeld in Sources */,
				466F77FB25B152C3006E88E3 /* LoginViewModel.swift in Sources */,
				46A6914525B696630076DC02 /* Episode.swift in Sources */,
				466F77E125B14CA3006E88E3 /* ContentView.swift in Sources */,
				464FAF7B25B2C2F800B9DB49 /* Tag.swift in Sources */,
				46A6913C25B691A80076DC02 /* MovieAboutViewModel.swift in Sources */,
				464FAF5B25B296CC00B9DB49 /* MainViewModel.swift in Sources */,
			);
			runOnlyForDeploymentPostprocessing = 0;
		};
		466F77BF25B14CA3006E88E3 /* Sources */ = {
			isa = PBXSourcesBuildPhase;
			buildActionMask = 2147483647;
			files = (
				466F77E025B14CA3006E88E3 /* CinemaAppApp.swift in Sources */,
				46A6914625B696630076DC02 /* Episode.swift in Sources */,
				466F77E425B14CA3006E88E3 /* Persistence.swift in Sources */,
				464FAF6525B297F500B9DB49 /* AppViewModel.swift in Sources */,
				466F77DE25B14CA3006E88E3 /* CinemaApp.xcdatamodeld in Sources */,
				464FAF9025B2CA6F00B9DB49 /* MovieAbout.swift in Sources */,
				464FAF5325B2968400B9DB49 /* MainView.swift in Sources */,
				466F77E225B14CA3006E88E3 /* ContentView.swift in Sources */,
				464FAF6F25B2BCC600B9DB49 /* Movie.swift in Sources */,
				464FAF7C25B2C2F800B9DB49 /* Tag.swift in Sources */,
				464FAF5C25B296CC00B9DB49 /* MainViewModel.swift in Sources */,
				46A6913D25B691A80076DC02 /* MovieAboutViewModel.swift in Sources */,
			);
			runOnlyForDeploymentPostprocessing = 0;
		};
		466F77C725B14CA3006E88E3 /* Sources */ = {
			isa = PBXSourcesBuildPhase;
			buildActionMask = 2147483647;
			files = (
				466F77D025B14CA3006E88E3 /* Tests_iOS.swift in Sources */,
				464FAF7D25B2C2F800B9DB49 /* Tag.swift in Sources */,
				464FAF9125B2CA6F00B9DB49 /* MovieAbout.swift in Sources */,
				46A6913E25B691A80076DC02 /* MovieAboutViewModel.swift in Sources */,
				464FAF5425B2968400B9DB49 /* MainView.swift in Sources */,
				464FAF6625B297F500B9DB49 /* AppViewModel.swift in Sources */,
				464FAF5D25B296CC00B9DB49 /* MainViewModel.swift in Sources */,
				46A6914725B696630076DC02 /* Episode.swift in Sources */,
				464FAF7025B2BCC600B9DB49 /* Movie.swift in Sources */,
			);
			runOnlyForDeploymentPostprocessing = 0;
		};
		466F77D225B14CA3006E88E3 /* Sources */ = {
			isa = PBXSourcesBuildPhase;
			buildActionMask = 2147483647;
			files = (
				466F77DB25B14CA3006E88E3 /* Tests_macOS.swift in Sources */,
				464FAF7E25B2C2F800B9DB49 /* Tag.swift in Sources */,
				464FAF9225B2CA6F00B9DB49 /* MovieAbout.swift in Sources */,
				46A6913F25B691A80076DC02 /* MovieAboutViewModel.swift in Sources */,
				464FAF5525B2968400B9DB49 /* MainView.swift in Sources */,
				464FAF6725B297F500B9DB49 /* AppViewModel.swift in Sources */,
				464FAF5E25B296CC00B9DB49 /* MainViewModel.swift in Sources */,
				46A6914825B696630076DC02 /* Episode.swift in Sources */,
				464FAF7125B2BCC600B9DB49 /* Movie.swift in Sources */,
			);
			runOnlyForDeploymentPostprocessing = 0;
		};
		672ED31525C1A94F00EF61D3 /* Sources */ = {
			isa = PBXSourcesBuildPhase;
			buildActionMask = 2147483647;
			files = (
				6729386425C1AB1E0014A114 /* Tag.swift in Sources */,
				6729386E25C1AB240014A114 /* MainView.swift in Sources */,
				6729388025C1AB2A0014A114 /* LoginViewModel.swift in Sources */,
				6729387E25C1AB2A0014A114 /* AppViewModel.swift in Sources */,
				6729386625C1AB1E0014A114 /* Episode.swift in Sources */,
				6729385C25C1AAFD0014A114 /* LoginView.swift in Sources */,
				6729387F25C1AB2A0014A114 /* MovieAboutViewModel.swift in Sources */,
				6729384D25C1AA4F0014A114 /* ContentView.swift in Sources */,
				672ED31C25C1A94F00EF61D3 /* CinemaAppTVApp.swift in Sources */,
				6729386F25C1AB240014A114 /* MovieAbout.swift in Sources */,
				6729386525C1AB1E0014A114 /* Movie.swift in Sources */,
				6729388125C1AB2A0014A114 /* MainViewModel.swift in Sources */,
			);
			runOnlyForDeploymentPostprocessing = 0;
		};
		672ED32525C1A95000EF61D3 /* Sources */ = {
			isa = PBXSourcesBuildPhase;
			buildActionMask = 2147483647;
			files = (
				672ED32E25C1A95000EF61D3 /* CinemaAppTVTests.swift in Sources */,
			);
			runOnlyForDeploymentPostprocessing = 0;
		};
		672ED33025C1A95000EF61D3 /* Sources */ = {
			isa = PBXSourcesBuildPhase;
			buildActionMask = 2147483647;
			files = (
				672ED33925C1A95000EF61D3 /* CinemaAppTVUITests.swift in Sources */,
			);
			runOnlyForDeploymentPostprocessing = 0;
		};
/* End PBXSourcesBuildPhase section */

/* Begin PBXTargetDependency section */
		466F77CD25B14CA3006E88E3 /* PBXTargetDependency */ = {
			isa = PBXTargetDependency;
			target = 466F77BA25B14CA3006E88E3 /* CinemaApp (iOS) */;
			targetProxy = 466F77CC25B14CA3006E88E3 /* PBXContainerItemProxy */;
		};
		466F77D825B14CA3006E88E3 /* PBXTargetDependency */ = {
			isa = PBXTargetDependency;
			target = 466F77C225B14CA3006E88E3 /* CinemaApp (macOS) */;
			targetProxy = 466F77D725B14CA3006E88E3 /* PBXContainerItemProxy */;
		};
		672ED32B25C1A95000EF61D3 /* PBXTargetDependency */ = {
			isa = PBXTargetDependency;
			target = 672ED31825C1A94F00EF61D3 /* CinemaAppTV */;
			targetProxy = 672ED32A25C1A95000EF61D3 /* PBXContainerItemProxy */;
		};
		672ED33625C1A95000EF61D3 /* PBXTargetDependency */ = {
			isa = PBXTargetDependency;
			target = 672ED31825C1A94F00EF61D3 /* CinemaAppTV */;
			targetProxy = 672ED33525C1A95000EF61D3 /* PBXContainerItemProxy */;
		};
/* End PBXTargetDependency section */

/* Begin XCBuildConfiguration section */
		466F77E725B14CA3006E88E3 /* Debug */ = {
			isa = XCBuildConfiguration;
			buildSettings = {
				ALWAYS_SEARCH_USER_PATHS = NO;
				CLANG_ANALYZER_NONNULL = YES;
				CLANG_ANALYZER_NUMBER_OBJECT_CONVERSION = YES_AGGRESSIVE;
				CLANG_CXX_LANGUAGE_STANDARD = "gnu++14";
				CLANG_CXX_LIBRARY = "libc++";
				CLANG_ENABLE_MODULES = YES;
				CLANG_ENABLE_OBJC_ARC = YES;
				CLANG_ENABLE_OBJC_WEAK = YES;
				CLANG_WARN_BLOCK_CAPTURE_AUTORELEASING = YES;
				CLANG_WARN_BOOL_CONVERSION = YES;
				CLANG_WARN_COMMA = YES;
				CLANG_WARN_CONSTANT_CONVERSION = YES;
				CLANG_WARN_DEPRECATED_OBJC_IMPLEMENTATIONS = YES;
				CLANG_WARN_DIRECT_OBJC_ISA_USAGE = YES_ERROR;
				CLANG_WARN_DOCUMENTATION_COMMENTS = YES;
				CLANG_WARN_EMPTY_BODY = YES;
				CLANG_WARN_ENUM_CONVERSION = YES;
				CLANG_WARN_INFINITE_RECURSION = YES;
				CLANG_WARN_INT_CONVERSION = YES;
				CLANG_WARN_NON_LITERAL_NULL_CONVERSION = YES;
				CLANG_WARN_OBJC_IMPLICIT_RETAIN_SELF = YES;
				CLANG_WARN_OBJC_LITERAL_CONVERSION = YES;
				CLANG_WARN_OBJC_ROOT_CLASS = YES_ERROR;
				CLANG_WARN_QUOTED_INCLUDE_IN_FRAMEWORK_HEADER = YES;
				CLANG_WARN_RANGE_LOOP_ANALYSIS = YES;
				CLANG_WARN_STRICT_PROTOTYPES = YES;
				CLANG_WARN_SUSPICIOUS_MOVE = YES;
				CLANG_WARN_UNGUARDED_AVAILABILITY = YES_AGGRESSIVE;
				CLANG_WARN_UNREACHABLE_CODE = YES;
				CLANG_WARN__DUPLICATE_METHOD_MATCH = YES;
				COPY_PHASE_STRIP = NO;
				DEBUG_INFORMATION_FORMAT = dwarf;
				ENABLE_STRICT_OBJC_MSGSEND = YES;
				ENABLE_TESTABILITY = YES;
				GCC_C_LANGUAGE_STANDARD = gnu11;
				GCC_DYNAMIC_NO_PIC = NO;
				GCC_NO_COMMON_BLOCKS = YES;
				GCC_OPTIMIZATION_LEVEL = 0;
				GCC_PREPROCESSOR_DEFINITIONS = (
					"DEBUG=1",
					"$(inherited)",
				);
				GCC_WARN_64_TO_32_BIT_CONVERSION = YES;
				GCC_WARN_ABOUT_RETURN_TYPE = YES_ERROR;
				GCC_WARN_UNDECLARED_SELECTOR = YES;
				GCC_WARN_UNINITIALIZED_AUTOS = YES_AGGRESSIVE;
				GCC_WARN_UNUSED_FUNCTION = YES;
				GCC_WARN_UNUSED_VARIABLE = YES;
				MTL_ENABLE_DEBUG_INFO = INCLUDE_SOURCE;
				MTL_FAST_MATH = YES;
				ONLY_ACTIVE_ARCH = YES;
				SWIFT_ACTIVE_COMPILATION_CONDITIONS = DEBUG;
				SWIFT_OPTIMIZATION_LEVEL = "-Onone";
			};
			name = Debug;
		};
		466F77E825B14CA3006E88E3 /* Release */ = {
			isa = XCBuildConfiguration;
			buildSettings = {
				ALWAYS_SEARCH_USER_PATHS = NO;
				CLANG_ANALYZER_NONNULL = YES;
				CLANG_ANALYZER_NUMBER_OBJECT_CONVERSION = YES_AGGRESSIVE;
				CLANG_CXX_LANGUAGE_STANDARD = "gnu++14";
				CLANG_CXX_LIBRARY = "libc++";
				CLANG_ENABLE_MODULES = YES;
				CLANG_ENABLE_OBJC_ARC = YES;
				CLANG_ENABLE_OBJC_WEAK = YES;
				CLANG_WARN_BLOCK_CAPTURE_AUTORELEASING = YES;
				CLANG_WARN_BOOL_CONVERSION = YES;
				CLANG_WARN_COMMA = YES;
				CLANG_WARN_CONSTANT_CONVERSION = YES;
				CLANG_WARN_DEPRECATED_OBJC_IMPLEMENTATIONS = YES;
				CLANG_WARN_DIRECT_OBJC_ISA_USAGE = YES_ERROR;
				CLANG_WARN_DOCUMENTATION_COMMENTS = YES;
				CLANG_WARN_EMPTY_BODY = YES;
				CLANG_WARN_ENUM_CONVERSION = YES;
				CLANG_WARN_INFINITE_RECURSION = YES;
				CLANG_WARN_INT_CONVERSION = YES;
				CLANG_WARN_NON_LITERAL_NULL_CONVERSION = YES;
				CLANG_WARN_OBJC_IMPLICIT_RETAIN_SELF = YES;
				CLANG_WARN_OBJC_LITERAL_CONVERSION = YES;
				CLANG_WARN_OBJC_ROOT_CLASS = YES_ERROR;
				CLANG_WARN_QUOTED_INCLUDE_IN_FRAMEWORK_HEADER = YES;
				CLANG_WARN_RANGE_LOOP_ANALYSIS = YES;
				CLANG_WARN_STRICT_PROTOTYPES = YES;
				CLANG_WARN_SUSPICIOUS_MOVE = YES;
				CLANG_WARN_UNGUARDED_AVAILABILITY = YES_AGGRESSIVE;
				CLANG_WARN_UNREACHABLE_CODE = YES;
				CLANG_WARN__DUPLICATE_METHOD_MATCH = YES;
				COPY_PHASE_STRIP = NO;
				DEBUG_INFORMATION_FORMAT = "dwarf-with-dsym";
				ENABLE_NS_ASSERTIONS = NO;
				ENABLE_STRICT_OBJC_MSGSEND = YES;
				GCC_C_LANGUAGE_STANDARD = gnu11;
				GCC_NO_COMMON_BLOCKS = YES;
				GCC_WARN_64_TO_32_BIT_CONVERSION = YES;
				GCC_WARN_ABOUT_RETURN_TYPE = YES_ERROR;
				GCC_WARN_UNDECLARED_SELECTOR = YES;
				GCC_WARN_UNINITIALIZED_AUTOS = YES_AGGRESSIVE;
				GCC_WARN_UNUSED_FUNCTION = YES;
				GCC_WARN_UNUSED_VARIABLE = YES;
				MTL_ENABLE_DEBUG_INFO = NO;
				MTL_FAST_MATH = YES;
				SWIFT_COMPILATION_MODE = wholemodule;
				SWIFT_OPTIMIZATION_LEVEL = "-O";
			};
			name = Release;
		};
		466F77EA25B14CA3006E88E3 /* Debug */ = {
			isa = XCBuildConfiguration;
			buildSettings = {
				ASSETCATALOG_COMPILER_APPICON_NAME = AppIcon;
				ASSETCATALOG_COMPILER_GLOBAL_ACCENT_COLOR_NAME = AccentColor;
				CODE_SIGN_STYLE = Automatic;
				DEVELOPMENT_TEAM = XT98J42MX2;
				ENABLE_PREVIEWS = YES;
				INFOPLIST_FILE = iOS/Info.plist;
				IPHONEOS_DEPLOYMENT_TARGET = 14.0;
				LD_RUNPATH_SEARCH_PATHS = (
					"$(inherited)",
					"@executable_path/Frameworks",
				);
				PRODUCT_BUNDLE_IDENTIFIER = sadsad.CinemaApp;
				PRODUCT_NAME = CinemaApp;
				SDKROOT = iphoneos;
				SWIFT_VERSION = 5.0;
				TARGETED_DEVICE_FAMILY = "1,2";
			};
			name = Debug;
		};
		466F77EB25B14CA3006E88E3 /* Release */ = {
			isa = XCBuildConfiguration;
			buildSettings = {
				ASSETCATALOG_COMPILER_APPICON_NAME = AppIcon;
				ASSETCATALOG_COMPILER_GLOBAL_ACCENT_COLOR_NAME = AccentColor;
				CODE_SIGN_STYLE = Automatic;
				DEVELOPMENT_TEAM = XT98J42MX2;
				ENABLE_PREVIEWS = YES;
				INFOPLIST_FILE = iOS/Info.plist;
				IPHONEOS_DEPLOYMENT_TARGET = 14.0;
				LD_RUNPATH_SEARCH_PATHS = (
					"$(inherited)",
					"@executable_path/Frameworks",
				);
				PRODUCT_BUNDLE_IDENTIFIER = sadsad.CinemaApp;
				PRODUCT_NAME = CinemaApp;
				SDKROOT = iphoneos;
				SWIFT_VERSION = 5.0;
				TARGETED_DEVICE_FAMILY = "1,2";
				VALIDATE_PRODUCT = YES;
			};
			name = Release;
		};
		466F77ED25B14CA3006E88E3 /* Debug */ = {
			isa = XCBuildConfiguration;
			buildSettings = {
				ASSETCATALOG_COMPILER_APPICON_NAME = AppIcon;
				ASSETCATALOG_COMPILER_GLOBAL_ACCENT_COLOR_NAME = AccentColor;
				CODE_SIGN_ENTITLEMENTS = macOS/macOS.entitlements;
				CODE_SIGN_STYLE = Automatic;
				COMBINE_HIDPI_IMAGES = YES;
				ENABLE_PREVIEWS = YES;
				INFOPLIST_FILE = macOS/Info.plist;
				LD_RUNPATH_SEARCH_PATHS = (
					"$(inherited)",
					"@executable_path/../Frameworks",
				);
				MACOSX_DEPLOYMENT_TARGET = 11.0;
				PRODUCT_BUNDLE_IDENTIFIER = sadsad.CinemaApp;
				PRODUCT_NAME = CinemaApp;
				SDKROOT = macosx;
				SWIFT_VERSION = 5.0;
			};
			name = Debug;
		};
		466F77EE25B14CA3006E88E3 /* Release */ = {
			isa = XCBuildConfiguration;
			buildSettings = {
				ASSETCATALOG_COMPILER_APPICON_NAME = AppIcon;
				ASSETCATALOG_COMPILER_GLOBAL_ACCENT_COLOR_NAME = AccentColor;
				CODE_SIGN_ENTITLEMENTS = macOS/macOS.entitlements;
				CODE_SIGN_STYLE = Automatic;
				COMBINE_HIDPI_IMAGES = YES;
				ENABLE_PREVIEWS = YES;
				INFOPLIST_FILE = macOS/Info.plist;
				LD_RUNPATH_SEARCH_PATHS = (
					"$(inherited)",
					"@executable_path/../Frameworks",
				);
				MACOSX_DEPLOYMENT_TARGET = 11.0;
				PRODUCT_BUNDLE_IDENTIFIER = sadsad.CinemaApp;
				PRODUCT_NAME = CinemaApp;
				SDKROOT = macosx;
				SWIFT_VERSION = 5.0;
			};
			name = Release;
		};
		466F77F025B14CA3006E88E3 /* Debug */ = {
			isa = XCBuildConfiguration;
			buildSettings = {
				ALWAYS_EMBED_SWIFT_STANDARD_LIBRARIES = YES;
				CODE_SIGN_STYLE = Automatic;
				INFOPLIST_FILE = "Tests iOS/Info.plist";
				IPHONEOS_DEPLOYMENT_TARGET = 14.0;
				LD_RUNPATH_SEARCH_PATHS = (
					"$(inherited)",
					"@executable_path/Frameworks",
					"@loader_path/Frameworks",
				);
				PRODUCT_BUNDLE_IDENTIFIER = "sadsad.Tests-iOS";
				PRODUCT_NAME = "$(TARGET_NAME)";
				SDKROOT = iphoneos;
				SWIFT_VERSION = 5.0;
				TARGETED_DEVICE_FAMILY = "1,2";
				TEST_TARGET_NAME = "CinemaApp (iOS)";
			};
			name = Debug;
		};
		466F77F125B14CA3006E88E3 /* Release */ = {
			isa = XCBuildConfiguration;
			buildSettings = {
				ALWAYS_EMBED_SWIFT_STANDARD_LIBRARIES = YES;
				CODE_SIGN_STYLE = Automatic;
				INFOPLIST_FILE = "Tests iOS/Info.plist";
				IPHONEOS_DEPLOYMENT_TARGET = 14.0;
				LD_RUNPATH_SEARCH_PATHS = (
					"$(inherited)",
					"@executable_path/Frameworks",
					"@loader_path/Frameworks",
				);
				PRODUCT_BUNDLE_IDENTIFIER = "sadsad.Tests-iOS";
				PRODUCT_NAME = "$(TARGET_NAME)";
				SDKROOT = iphoneos;
				SWIFT_VERSION = 5.0;
				TARGETED_DEVICE_FAMILY = "1,2";
				TEST_TARGET_NAME = "CinemaApp (iOS)";
				VALIDATE_PRODUCT = YES;
			};
			name = Release;
		};
		466F77F325B14CA3006E88E3 /* Debug */ = {
			isa = XCBuildConfiguration;
			buildSettings = {
				ALWAYS_EMBED_SWIFT_STANDARD_LIBRARIES = YES;
				CODE_SIGN_STYLE = Automatic;
				COMBINE_HIDPI_IMAGES = YES;
				INFOPLIST_FILE = "Tests macOS/Info.plist";
				LD_RUNPATH_SEARCH_PATHS = (
					"$(inherited)",
					"@executable_path/../Frameworks",
					"@loader_path/../Frameworks",
				);
				MACOSX_DEPLOYMENT_TARGET = 11.1;
				PRODUCT_BUNDLE_IDENTIFIER = "sadsad.Tests-macOS";
				PRODUCT_NAME = "$(TARGET_NAME)";
				SDKROOT = macosx;
				SWIFT_VERSION = 5.0;
				TEST_TARGET_NAME = "CinemaApp (macOS)";
			};
			name = Debug;
		};
		466F77F425B14CA3006E88E3 /* Release */ = {
			isa = XCBuildConfiguration;
			buildSettings = {
				ALWAYS_EMBED_SWIFT_STANDARD_LIBRARIES = YES;
				CODE_SIGN_STYLE = Automatic;
				COMBINE_HIDPI_IMAGES = YES;
				INFOPLIST_FILE = "Tests macOS/Info.plist";
				LD_RUNPATH_SEARCH_PATHS = (
					"$(inherited)",
					"@executable_path/../Frameworks",
					"@loader_path/../Frameworks",
				);
				MACOSX_DEPLOYMENT_TARGET = 11.1;
				PRODUCT_BUNDLE_IDENTIFIER = "sadsad.Tests-macOS";
				PRODUCT_NAME = "$(TARGET_NAME)";
				SDKROOT = macosx;
				SWIFT_VERSION = 5.0;
				TEST_TARGET_NAME = "CinemaApp (macOS)";
			};
			name = Release;
		};
		672ED33B25C1A95000EF61D3 /* Debug */ = {
			isa = XCBuildConfiguration;
			buildSettings = {
				ASSETCATALOG_COMPILER_APPICON_NAME = "App Icon & Top Shelf Image";
				ASSETCATALOG_COMPILER_GLOBAL_ACCENT_COLOR_NAME = AccentColor;
				CODE_SIGN_STYLE = Automatic;
				DEVELOPMENT_ASSET_PATHS = "\"CinemaAppTV/Preview Content\"";
				DEVELOPMENT_TEAM = XT98J42MX2;
				ENABLE_PREVIEWS = YES;
				INFOPLIST_FILE = CinemaAppTV/Info.plist;
				LD_RUNPATH_SEARCH_PATHS = (
					"$(inherited)",
					"@executable_path/Frameworks",
				);
				PRODUCT_BUNDLE_IDENTIFIER = skinxcheg.CinemaAppTV;
				PRODUCT_NAME = "$(TARGET_NAME)";
				SDKROOT = appletvos;
				SWIFT_VERSION = 5.0;
				TARGETED_DEVICE_FAMILY = 3;
				TVOS_DEPLOYMENT_TARGET = 14.2;
				VALIDATE_PRODUCT = YES;
			};
			name = Debug;
		};
		672ED33C25C1A95000EF61D3 /* Release */ = {
			isa = XCBuildConfiguration;
			buildSettings = {
				ASSETCATALOG_COMPILER_APPICON_NAME = "App Icon & Top Shelf Image";
				ASSETCATALOG_COMPILER_GLOBAL_ACCENT_COLOR_NAME = AccentColor;
				CODE_SIGN_STYLE = Automatic;
				DEVELOPMENT_ASSET_PATHS = "\"CinemaAppTV/Preview Content\"";
				DEVELOPMENT_TEAM = XT98J42MX2;
				ENABLE_PREVIEWS = YES;
				INFOPLIST_FILE = CinemaAppTV/Info.plist;
				LD_RUNPATH_SEARCH_PATHS = (
					"$(inherited)",
					"@executable_path/Frameworks",
				);
				PRODUCT_BUNDLE_IDENTIFIER = skinxcheg.CinemaAppTV;
				PRODUCT_NAME = "$(TARGET_NAME)";
				SDKROOT = appletvos;
				SWIFT_VERSION = 5.0;
				TARGETED_DEVICE_FAMILY = 3;
				TVOS_DEPLOYMENT_TARGET = 14.2;
				VALIDATE_PRODUCT = YES;
			};
			name = Release;
		};
		672ED33D25C1A95000EF61D3 /* Debug */ = {
			isa = XCBuildConfiguration;
			buildSettings = {
				ALWAYS_EMBED_SWIFT_STANDARD_LIBRARIES = YES;
				BUNDLE_LOADER = "$(TEST_HOST)";
				CODE_SIGN_STYLE = Automatic;
				DEVELOPMENT_TEAM = XT98J42MX2;
				INFOPLIST_FILE = CinemaAppTVTests/Info.plist;
				LD_RUNPATH_SEARCH_PATHS = (
					"$(inherited)",
					"@executable_path/Frameworks",
					"@loader_path/Frameworks",
				);
				PRODUCT_BUNDLE_IDENTIFIER = skinxcheg.CinemaAppTVTests;
				PRODUCT_NAME = "$(TARGET_NAME)";
				SDKROOT = appletvos;
				SWIFT_VERSION = 5.0;
				TARGETED_DEVICE_FAMILY = 3;
				TEST_HOST = "$(BUILT_PRODUCTS_DIR)/CinemaAppTV.app/CinemaAppTV";
				TVOS_DEPLOYMENT_TARGET = 14.2;
			};
			name = Debug;
		};
		672ED33E25C1A95000EF61D3 /* Release */ = {
			isa = XCBuildConfiguration;
			buildSettings = {
				ALWAYS_EMBED_SWIFT_STANDARD_LIBRARIES = YES;
				BUNDLE_LOADER = "$(TEST_HOST)";
				CODE_SIGN_STYLE = Automatic;
				DEVELOPMENT_TEAM = XT98J42MX2;
				INFOPLIST_FILE = CinemaAppTVTests/Info.plist;
				LD_RUNPATH_SEARCH_PATHS = (
					"$(inherited)",
					"@executable_path/Frameworks",
					"@loader_path/Frameworks",
				);
				PRODUCT_BUNDLE_IDENTIFIER = skinxcheg.CinemaAppTVTests;
				PRODUCT_NAME = "$(TARGET_NAME)";
				SDKROOT = appletvos;
				SWIFT_VERSION = 5.0;
				TARGETED_DEVICE_FAMILY = 3;
				TEST_HOST = "$(BUILT_PRODUCTS_DIR)/CinemaAppTV.app/CinemaAppTV";
				TVOS_DEPLOYMENT_TARGET = 14.2;
				VALIDATE_PRODUCT = YES;
			};
			name = Release;
		};
		672ED33F25C1A95000EF61D3 /* Debug */ = {
			isa = XCBuildConfiguration;
			buildSettings = {
				ALWAYS_EMBED_SWIFT_STANDARD_LIBRARIES = YES;
				CODE_SIGN_STYLE = Automatic;
				DEVELOPMENT_TEAM = XT98J42MX2;
				INFOPLIST_FILE = CinemaAppTVUITests/Info.plist;
				LD_RUNPATH_SEARCH_PATHS = (
					"$(inherited)",
					"@executable_path/Frameworks",
					"@loader_path/Frameworks",
				);
				PRODUCT_BUNDLE_IDENTIFIER = skinxcheg.CinemaAppTVUITests;
				PRODUCT_NAME = "$(TARGET_NAME)";
				SDKROOT = appletvos;
				SWIFT_VERSION = 5.0;
				TARGETED_DEVICE_FAMILY = 3;
				TEST_TARGET_NAME = CinemaAppTV;
				TVOS_DEPLOYMENT_TARGET = 14.2;
			};
			name = Debug;
		};
		672ED34025C1A95000EF61D3 /* Release */ = {
			isa = XCBuildConfiguration;
			buildSettings = {
				ALWAYS_EMBED_SWIFT_STANDARD_LIBRARIES = YES;
				CODE_SIGN_STYLE = Automatic;
				DEVELOPMENT_TEAM = XT98J42MX2;
				INFOPLIST_FILE = CinemaAppTVUITests/Info.plist;
				LD_RUNPATH_SEARCH_PATHS = (
					"$(inherited)",
					"@executable_path/Frameworks",
					"@loader_path/Frameworks",
				);
				PRODUCT_BUNDLE_IDENTIFIER = skinxcheg.CinemaAppTVUITests;
				PRODUCT_NAME = "$(TARGET_NAME)";
				SDKROOT = appletvos;
				SWIFT_VERSION = 5.0;
				TARGETED_DEVICE_FAMILY = 3;
				TEST_TARGET_NAME = CinemaAppTV;
				TVOS_DEPLOYMENT_TARGET = 14.2;
				VALIDATE_PRODUCT = YES;
			};
			name = Release;
		};
/* End XCBuildConfiguration section */

/* Begin XCConfigurationList section */
		466F77AF25B14CA1006E88E3 /* Build configuration list for PBXProject "CinemaApp" */ = {
			isa = XCConfigurationList;
			buildConfigurations = (
				466F77E725B14CA3006E88E3 /* Debug */,
				466F77E825B14CA3006E88E3 /* Release */,
			);
			defaultConfigurationIsVisible = 0;
			defaultConfigurationName = Release;
		};
		466F77E925B14CA3006E88E3 /* Build configuration list for PBXNativeTarget "CinemaApp (iOS)" */ = {
			isa = XCConfigurationList;
			buildConfigurations = (
				466F77EA25B14CA3006E88E3 /* Debug */,
				466F77EB25B14CA3006E88E3 /* Release */,
			);
			defaultConfigurationIsVisible = 0;
			defaultConfigurationName = Release;
		};
		466F77EC25B14CA3006E88E3 /* Build configuration list for PBXNativeTarget "CinemaApp (macOS)" */ = {
			isa = XCConfigurationList;
			buildConfigurations = (
				466F77ED25B14CA3006E88E3 /* Debug */,
				466F77EE25B14CA3006E88E3 /* Release */,
			);
			defaultConfigurationIsVisible = 0;
			defaultConfigurationName = Release;
		};
		466F77EF25B14CA3006E88E3 /* Build configuration list for PBXNativeTarget "Tests iOS" */ = {
			isa = XCConfigurationList;
			buildConfigurations = (
				466F77F025B14CA3006E88E3 /* Debug */,
				466F77F125B14CA3006E88E3 /* Release */,
			);
			defaultConfigurationIsVisible = 0;
			defaultConfigurationName = Release;
		};
		466F77F225B14CA3006E88E3 /* Build configuration list for PBXNativeTarget "Tests macOS" */ = {
			isa = XCConfigurationList;
			buildConfigurations = (
				466F77F325B14CA3006E88E3 /* Debug */,
				466F77F425B14CA3006E88E3 /* Release */,
			);
			defaultConfigurationIsVisible = 0;
			defaultConfigurationName = Release;
		};
		672ED34125C1A95000EF61D3 /* Build configuration list for PBXNativeTarget "CinemaAppTV" */ = {
			isa = XCConfigurationList;
			buildConfigurations = (
				672ED33B25C1A95000EF61D3 /* Debug */,
				672ED33C25C1A95000EF61D3 /* Release */,
			);
			defaultConfigurationIsVisible = 0;
			defaultConfigurationName = Release;
		};
		672ED34225C1A95000EF61D3 /* Build configuration list for PBXNativeTarget "CinemaAppTVTests" */ = {
			isa = XCConfigurationList;
			buildConfigurations = (
				672ED33D25C1A95000EF61D3 /* Debug */,
				672ED33E25C1A95000EF61D3 /* Release */,
			);
			defaultConfigurationIsVisible = 0;
			defaultConfigurationName = Release;
		};
		672ED34325C1A95000EF61D3 /* Build configuration list for PBXNativeTarget "CinemaAppTVUITests" */ = {
			isa = XCConfigurationList;
			buildConfigurations = (
				672ED33F25C1A95000EF61D3 /* Debug */,
				672ED34025C1A95000EF61D3 /* Release */,
			);
			defaultConfigurationIsVisible = 0;
			defaultConfigurationName = Release;
		};
/* End XCConfigurationList section */

/* Begin XCRemoteSwiftPackageReference section */
		466F781525B17092006E88E3 /* XCRemoteSwiftPackageReference "SwiftyJSON" */ = {
			isa = XCRemoteSwiftPackageReference;
			repositoryURL = "https://github.com/SwiftyJSON/SwiftyJSON.git";
			requirement = {
				kind = upToNextMajorVersion;
				minimumVersion = 5.0.0;
			};
		};
		67336C2125C1ADB3000E9193 /* XCRemoteSwiftPackageReference "Kingfisher" */ = {
			isa = XCRemoteSwiftPackageReference;
			repositoryURL = "https://github.com/onevcat/Kingfisher.git";
			requirement = {
				kind = upToNextMajorVersion;
				minimumVersion = 6.0.1;
			};
		};
		67336C3C25C1AE9B000E9193 /* XCRemoteSwiftPackageReference "Alamofire" */ = {
			isa = XCRemoteSwiftPackageReference;
			repositoryURL = "https://github.com/Alamofire/Alamofire.git";
			requirement = {
				kind = upToNextMajorVersion;
				minimumVersion = 5.4.1;
			};
		};
/* End XCRemoteSwiftPackageReference section */

/* Begin XCSwiftPackageProductDependency section */
		466F781625B17092006E88E3 /* SwiftyJSON */ = {
			isa = XCSwiftPackageProductDependency;
			package = 466F781525B17092006E88E3 /* XCRemoteSwiftPackageReference "SwiftyJSON" */;
			productName = SwiftyJSON;
		};
		67336C2225C1ADB3000E9193 /* Kingfisher */ = {
			isa = XCSwiftPackageProductDependency;
			package = 67336C2125C1ADB3000E9193 /* XCRemoteSwiftPackageReference "Kingfisher" */;
			productName = Kingfisher;
		};
		67336C2C25C1AE6F000E9193 /* Kingfisher */ = {
			isa = XCSwiftPackageProductDependency;
			package = 67336C2125C1ADB3000E9193 /* XCRemoteSwiftPackageReference "Kingfisher" */;
			productName = Kingfisher;
		};
		67336C3D25C1AE9B000E9193 /* Alamofire */ = {
			isa = XCSwiftPackageProductDependency;
			package = 67336C3C25C1AE9B000E9193 /* XCRemoteSwiftPackageReference "Alamofire" */;
			productName = Alamofire;
		};
		67336C4625C1AEAA000E9193 /* Alamofire */ = {
			isa = XCSwiftPackageProductDependency;
			package = 67336C3C25C1AE9B000E9193 /* XCRemoteSwiftPackageReference "Alamofire" */;
			productName = Alamofire;
		};
		67336C4825C1AEB0000E9193 /* SwiftyJSON */ = {
			isa = XCSwiftPackageProductDependency;
			package = 466F781525B17092006E88E3 /* XCRemoteSwiftPackageReference "SwiftyJSON" */;
			productName = SwiftyJSON;
		};
/* End XCSwiftPackageProductDependency section */

/* Begin XCVersionGroup section */
		466F77B125B14CA1006E88E3 /* CinemaApp.xcdatamodeld */ = {
			isa = XCVersionGroup;
			children = (
				466F77B225B14CA1006E88E3 /* Shared.xcdatamodel */,
			);
			currentVersion = 466F77B225B14CA1006E88E3 /* Shared.xcdatamodel */;
			path = CinemaApp.xcdatamodeld;
			sourceTree = "<group>";
			versionGroupType = wrapper.xcdatamodel;
		};
		67336C5925C1B591000E9193 /* CinemaApp.xcdatamodeld */ = {
			isa = XCVersionGroup;
			children = (
				67336C5A25C1B591000E9193 /* Shared.xcdatamodel */,
			);
			currentVersion = 67336C5A25C1B591000E9193 /* Shared.xcdatamodel */;
			path = CinemaApp.xcdatamodeld;
			sourceTree = "<group>";
			versionGroupType = wrapper.xcdatamodel;
		};
/* End XCVersionGroup section */
	};
	rootObject = 466F77AC25B14CA1006E88E3 /* Project object */;
}
